
Microsoft Visual Studio Solution File, Format Version 12.00
# Visual Studio 14
VisualStudioVersion = 14.0.25420.1
MinimumVisualStudioVersion = 10.0.40219.1
Project("{8BC9CEB8-8B4A-11D0-8D11-00A0C91BC942}") = "01_AssignmentOperator", "01_AssignmentOperator\01_AssignmentOperator.vcxproj", "{F5856FF2-B14C-4BDF-A0C5-275401A6547D}"
EndProject
Project("{FAE04EC0-301F-11D3-BF4B-00C04F79EFBC}") = "02_Singleton", "02_Singleton\02_Singleton.csproj", "{7CC5C371-1678-490B-88BB-2013C40A3520}"
EndProject
Project("{8BC9CEB8-8B4A-11D0-8D11-00A0C91BC942}") = "03_01_DuplicationInArray", "03_01_DuplicationInArray\03_01_DuplicationInArray.vcxproj", "{018D47FA-82CD-4057-B3D2-5E21E48A3AF7}"
EndProject
Project("{8BC9CEB8-8B4A-11D0-8D11-00A0C91BC942}") = "03_02_DuplicationInArrayNoEdit", "03_02_DuplicationInArrayNoEdit\03_02_DuplicationInArrayNoEdit.vcxproj", "{57449C40-6412-464D-94B3-4E75F968BF03}"
EndProject
Project("{8BC9CEB8-8B4A-11D0-8D11-00A0C91BC942}") = "04_FindInPartiallySortedMatrix", "04_FindInPartiallySortedMatrix\04_FindInPartiallySortedMatrix.vcxproj", "{C315DEC3-DEE7-485A-B3AF-C193138EEC8B}"
EndProject
Project("{8BC9CEB8-8B4A-11D0-8D11-00A0C91BC942}") = "05_ReplaceSpaces", "05_ReplaceSpaces\05_ReplaceSpaces.vcxproj", "{535226A6-C2A6-4F15-94A0-AEC6FF07FD4C}"
EndProject
Project("{8BC9CEB8-8B4A-11D0-8D11-00A0C91BC942}") = "06_PrintListInReversedOrder", "06_PrintListInReversedOrder\06_PrintListInReversedOrder.vcxproj", "{57F74798-4317-4214-8CDA-6311A6BCFDD1}"
	ProjectSection(ProjectDependencies) = postProject
		{732DA13A-F8BB-4CEF-B96D-61DE60BDB6A7} = {732DA13A-F8BB-4CEF-B96D-61DE60BDB6A7}
	EndProjectSection
EndProject
Project("{8BC9CEB8-8B4A-11D0-8D11-00A0C91BC942}") = "Utilities", "Utilities\Utilities.vcxproj", "{732DA13A-F8BB-4CEF-B96D-61DE60BDB6A7}"
EndProject
Project("{8BC9CEB8-8B4A-11D0-8D11-00A0C91BC942}") = "07_ConstructBinaryTree", "07_ConstructBinaryTree\07_ConstructBinaryTree.vcxproj", "{66BF6ED1-EED6-4877-AD0F-6EC5733620E2}"
EndProject
Global
	GlobalSection(SolutionConfigurationPlatforms) = preSolution
		Debug|Any CPU = Debug|Any CPU
		Debug|x64 = Debug|x64
		Debug|x86 = Debug|x86
		Release|Any CPU = Release|Any CPU
		Release|x64 = Release|x64
		Release|x86 = Release|x86
	EndGlobalSection
	GlobalSection(ProjectConfigurationPlatforms) = postSolution
		{F5856FF2-B14C-4BDF-A0C5-275401A6547D}.Debug|Any CPU.ActiveCfg = Debug|Win32
		{F5856FF2-B14C-4BDF-A0C5-275401A6547D}.Debug|x64.ActiveCfg = Debug|x64
		{F5856FF2-B14C-4BDF-A0C5-275401A6547D}.Debug|x64.Build.0 = Debug|x64
		{F5856FF2-B14C-4BDF-A0C5-275401A6547D}.Debug|x86.ActiveCfg = Debug|Win32
		{F5856FF2-B14C-4BDF-A0C5-275401A6547D}.Debug|x86.Build.0 = Debug|Win32
		{F5856FF2-B14C-4BDF-A0C5-275401A6547D}.Release|Any CPU.ActiveCfg = Release|Win32
		{F5856FF2-B14C-4BDF-A0C5-275401A6547D}.Release|x64.ActiveCfg = Release|x64
		{F5856FF2-B14C-4BDF-A0C5-275401A6547D}.Release|x64.Build.0 = Release|x64
		{F5856FF2-B14C-4BDF-A0C5-275401A6547D}.Release|x86.ActiveCfg = Release|Win32
		{F5856FF2-B14C-4BDF-A0C5-275401A6547D}.Release|x86.Build.0 = Release|Win32
		{7CC5C371-1678-490B-88BB-2013C40A3520}.Debug|Any CPU.ActiveCfg = Debug|Any CPU
		{7CC5C371-1678-490B-88BB-2013C40A3520}.Debug|Any CPU.Build.0 = Debug|Any CPU
		{7CC5C371-1678-490B-88BB-2013C40A3520}.Debug|x64.ActiveCfg = Debug|Any CPU
		{7CC5C371-1678-490B-88BB-2013C40A3520}.Debug|x64.Build.0 = Debug|Any CPU
		{7CC5C371-1678-490B-88BB-2013C40A3520}.Debug|x86.ActiveCfg = Debug|Any CPU
		{7CC5C371-1678-490B-88BB-2013C40A3520}.Debug|x86.Build.0 = Debug|Any CPU
		{7CC5C371-1678-490B-88BB-2013C40A3520}.Release|Any CPU.ActiveCfg = Release|Any CPU
		{7CC5C371-1678-490B-88BB-2013C40A3520}.Release|Any CPU.Build.0 = Release|Any CPU
		{7CC5C371-1678-490B-88BB-2013C40A3520}.Release|x64.ActiveCfg = Release|Any CPU
		{7CC5C371-1678-490B-88BB-2013C40A3520}.Release|x64.Build.0 = Release|Any CPU
		{7CC5C371-1678-490B-88BB-2013C40A3520}.Release|x86.ActiveCfg = Release|Any CPU
		{7CC5C371-1678-490B-88BB-2013C40A3520}.Release|x86.Build.0 = Release|Any CPU
		{018D47FA-82CD-4057-B3D2-5E21E48A3AF7}.Debug|Any CPU.ActiveCfg = Debug|Win32
		{018D47FA-82CD-4057-B3D2-5E21E48A3AF7}.Debug|x64.ActiveCfg = Debug|x64
		{018D47FA-82CD-4057-B3D2-5E21E48A3AF7}.Debug|x64.Build.0 = Debug|x64
		{018D47FA-82CD-4057-B3D2-5E21E48A3AF7}.Debug|x86.ActiveCfg = Debug|Win32
		{018D47FA-82CD-4057-B3D2-5E21E48A3AF7}.Debug|x86.Build.0 = Debug|Win32
		{018D47FA-82CD-4057-B3D2-5E21E48A3AF7}.Release|Any CPU.ActiveCfg = Release|Win32
		{018D47FA-82CD-4057-B3D2-5E21E48A3AF7}.Release|x64.ActiveCfg = Release|x64
		{018D47FA-82CD-4057-B3D2-5E21E48A3AF7}.Release|x64.Build.0 = Release|x64
		{018D47FA-82CD-4057-B3D2-5E21E48A3AF7}.Release|x86.ActiveCfg = Release|Win32
		{018D47FA-82CD-4057-B3D2-5E21E48A3AF7}.Release|x86.Build.0 = Release|Win32
		{57449C40-6412-464D-94B3-4E75F968BF03}.Debug|Any CPU.ActiveCfg = Debug|Win32
		{57449C40-6412-464D-94B3-4E75F968BF03}.Debug|x64.ActiveCfg = Debug|x64
		{57449C40-6412-464D-94B3-4E75F968BF03}.Debug|x64.Build.0 = Debug|x64
		{57449C40-6412-464D-94B3-4E75F968BF03}.Debug|x86.ActiveCfg = Debug|Win32
		{57449C40-6412-464D-94B3-4E75F968BF03}.Debug|x86.Build.0 = Debug|Win32
		{57449C40-6412-464D-94B3-4E75F968BF03}.Release|Any CPU.ActiveCfg = Release|Win32
		{57449C40-6412-464D-94B3-4E75F968BF03}.Release|x64.ActiveCfg = Release|x64
		{57449C40-6412-464D-94B3-4E75F968BF03}.Release|x64.Build.0 = Release|x64
		{57449C40-6412-464D-94B3-4E75F968BF03}.Release|x86.ActiveCfg = Release|Win32
		{57449C40-6412-464D-94B3-4E75F968BF03}.Release|x86.Build.0 = Release|Win32
		{C315DEC3-DEE7-485A-B3AF-C193138EEC8B}.Debug|Any CPU.ActiveCfg = Debug|Win32
		{C315DEC3-DEE7-485A-B3AF-C193138EEC8B}.Debug|x64.ActiveCfg = Debug|x64
		{C315DEC3-DEE7-485A-B3AF-C193138EEC8B}.Debug|x64.Build.0 = Debug|x64
		{C315DEC3-DEE7-485A-B3AF-C193138EEC8B}.Debug|x86.ActiveCfg = Debug|Win32
		{C315DEC3-DEE7-485A-B3AF-C193138EEC8B}.Debug|x86.Build.0 = Debug|Win32
		{C315DEC3-DEE7-485A-B3AF-C193138EEC8B}.Release|Any CPU.ActiveCfg = Release|Win32
		{C315DEC3-DEE7-485A-B3AF-C193138EEC8B}.Release|x64.ActiveCfg = Release|x64
		{C315DEC3-DEE7-485A-B3AF-C193138EEC8B}.Release|x64.Build.0 = Release|x64
		{C315DEC3-DEE7-485A-B3AF-C193138EEC8B}.Release|x86.ActiveCfg = Release|Win32
		{C315DEC3-DEE7-485A-B3AF-C193138EEC8B}.Release|x86.Build.0 = Release|Win32
		{535226A6-C2A6-4F15-94A0-AEC6FF07FD4C}.Debug|Any CPU.ActiveCfg = Debug|Win32
		{535226A6-C2A6-4F15-94A0-AEC6FF07FD4C}.Debug|x64.ActiveCfg = Debug|x64
		{535226A6-C2A6-4F15-94A0-AEC6FF07FD4C}.Debug|x64.Build.0 = Debug|x64
		{535226A6-C2A6-4F15-94A0-AEC6FF07FD4C}.Debug|x86.ActiveCfg = Debug|Win32
		{535226A6-C2A6-4F15-94A0-AEC6FF07FD4C}.Debug|x86.Build.0 = Debug|Win32
		{535226A6-C2A6-4F15-94A0-AEC6FF07FD4C}.Release|Any CPU.ActiveCfg = Release|Win32
		{535226A6-C2A6-4F15-94A0-AEC6FF07FD4C}.Release|x64.ActiveCfg = Release|x64
		{535226A6-C2A6-4F15-94A0-AEC6FF07FD4C}.Release|x64.Build.0 = Release|x64
		{535226A6-C2A6-4F15-94A0-AEC6FF07FD4C}.Release|x86.ActiveCfg = Release|Win32
		{535226A6-C2A6-4F15-94A0-AEC6FF07FD4C}.Release|x86.Build.0 = Release|Win32
		{57F74798-4317-4214-8CDA-6311A6BCFDD1}.Debug|Any CPU.ActiveCfg = Debug|Win32
		{57F74798-4317-4214-8CDA-6311A6BCFDD1}.Debug|x64.ActiveCfg = Debug|x64
		{57F74798-4317-4214-8CDA-6311A6BCFDD1}.Debug|x64.Build.0 = Debug|x64
		{57F74798-4317-4214-8CDA-6311A6BCFDD1}.Debug|x86.ActiveCfg = Debug|Win32
		{57F74798-4317-4214-8CDA-6311A6BCFDD1}.Debug|x86.Build.0 = Debug|Win32
		{57F74798-4317-4214-8CDA-6311A6BCFDD1}.Release|Any CPU.ActiveCfg = Release|Win32
		{57F74798-4317-4214-8CDA-6311A6BCFDD1}.Release|x64.ActiveCfg = Release|x64
		{57F74798-4317-4214-8CDA-6311A6BCFDD1}.Release|x64.Build.0 = Release|x64
		{57F74798-4317-4214-8CDA-6311A6BCFDD1}.Release|x86.ActiveCfg = Release|Win32
		{57F74798-4317-4214-8CDA-6311A6BCFDD1}.Release|x86.Build.0 = Release|Win32
		{732DA13A-F8BB-4CEF-B96D-61DE60BDB6A7}.Debug|Any CPU.ActiveCfg = Debug|Win32
		{732DA13A-F8BB-4CEF-B96D-61DE60BDB6A7}.Debug|x64.ActiveCfg = Debug|x64
		{732DA13A-F8BB-4CEF-B96D-61DE60BDB6A7}.Debug|x64.Build.0 = Debug|x64
		{732DA13A-F8BB-4CEF-B96D-61DE60BDB6A7}.Debug|x86.ActiveCfg = Debug|Win32
		{732DA13A-F8BB-4CEF-B96D-61DE60BDB6A7}.Debug|x86.Build.0 = Debug|Win32
		{732DA13A-F8BB-4CEF-B96D-61DE60BDB6A7}.Release|Any CPU.ActiveCfg = Release|Win32
		{732DA13A-F8BB-4CEF-B96D-61DE60BDB6A7}.Release|x64.ActiveCfg = Release|x64
		{732DA13A-F8BB-4CEF-B96D-61DE60BDB6A7}.Release|x64.Build.0 = Release|x64
		{732DA13A-F8BB-4CEF-B96D-61DE60BDB6A7}.Release|x86.ActiveCfg = Release|Win32
		{732DA13A-F8BB-4CEF-B96D-61DE60BDB6A7}.Release|x86.Build.0 = Release|Win32
		{66BF6ED1-EED6-4877-AD0F-6EC5733620E2}.Debug|Any CPU.ActiveCfg = Debug|Win32
		{66BF6ED1-EED6-4877-AD0F-6EC5733620E2}.Debug|x64.ActiveCfg = Debug|x64
		{66BF6ED1-EED6-4877-AD0F-6EC5733620E2}.Debug|x64.Build.0 = Debug|x64
		{66BF6ED1-EED6-4877-AD0F-6EC5733620E2}.Debug|x86.ActiveCfg = Debug|Win32
		{66BF6ED1-EED6-4877-AD0F-6EC5733620E2}.Debug|x86.Build.0 = Debug|Win32
		{66BF6ED1-EED6-4877-AD0F-6EC5733620E2}.Release|Any CPU.ActiveCfg = Release|Win32
		{66BF6ED1-EED6-4877-AD0F-6EC5733620E2}.Release|x64.ActiveCfg = Release|x64
		{66BF6ED1-EED6-4877-AD0F-6EC5733620E2}.Release|x64.Build.0 = Release|x64
		{66BF6ED1-EED6-4877-AD0F-6EC5733620E2}.Release|x86.ActiveCfg = Release|Win32
		{66BF6ED1-EED6-4877-AD0F-6EC5733620E2}.Release|x86.Build.0 = Release|Win32
	EndGlobalSection
	GlobalSection(SolutionProperties) = preSolution
		HideSolutionNode = FALSE
	EndGlobalSection
EndGlobal
