
Microsoft Visual Studio Solution File, Format Version 12.00
# Visual Studio 14
VisualStudioVersion = 14.0.25420.1
MinimumVisualStudioVersion = 10.0.40219.1
Project("{8BC9CEB8-8B4A-11D0-8D11-00A0C91BC942}") = "01_AssignmentOperator", "01_AssignmentOperator\01_AssignmentOperator.vcxproj", "{F5856FF2-B14C-4BDF-A0C5-275401A6547D}"
EndProject
Project("{FAE04EC0-301F-11D3-BF4B-00C04F79EFBC}") = "02_Singleton", "02_Singleton\02_Singleton.csproj", "{7CC5C371-1678-490B-88BB-2013C40A3520}"
EndProject
Project("{8BC9CEB8-8B4A-11D0-8D11-00A0C91BC942}") = "03_01_DuplicationInArray", "03_01_DuplicationInArray\03_01_DuplicationInArray.vcxproj", "{018D47FA-82CD-4057-B3D2-5E21E48A3AF7}"
EndProject
Project("{8BC9CEB8-8B4A-11D0-8D11-00A0C91BC942}") = "03_02_DuplicationInArrayNoEdit", "03_02_DuplicationInArrayNoEdit\03_02_DuplicationInArrayNoEdit.vcxproj", "{57449C40-6412-464D-94B3-4E75F968BF03}"
EndProject
Project("{8BC9CEB8-8B4A-11D0-8D11-00A0C91BC942}") = "04_FindInPartiallySortedMatrix", "04_FindInPartiallySortedMatrix\04_FindInPartiallySortedMatrix.vcxproj", "{C315DEC3-DEE7-485A-B3AF-C193138EEC8B}"
EndProject
Project("{8BC9CEB8-8B4A-11D0-8D11-00A0C91BC942}") = "05_ReplaceSpaces", "05_ReplaceSpaces\05_ReplaceSpaces.vcxproj", "{535226A6-C2A6-4F15-94A0-AEC6FF07FD4C}"
EndProject
Project("{8BC9CEB8-8B4A-11D0-8D11-00A0C91BC942}") = "06_PrintListInReversedOrder", "06_PrintListInReversedOrder\06_PrintListInReversedOrder.vcxproj", "{57F74798-4317-4214-8CDA-6311A6BCFDD1}"
	ProjectSection(ProjectDependencies) = postProject
		{732DA13A-F8BB-4CEF-B96D-61DE60BDB6A7} = {732DA13A-F8BB-4CEF-B96D-61DE60BDB6A7}
	EndProjectSection
EndProject
Project("{8BC9CEB8-8B4A-11D0-8D11-00A0C91BC942}") = "Utilities", "Utilities\Utilities.vcxproj", "{732DA13A-F8BB-4CEF-B96D-61DE60BDB6A7}"
EndProject
Project("{8BC9CEB8-8B4A-11D0-8D11-00A0C91BC942}") = "07_ConstructBinaryTree", "07_ConstructBinaryTree\07_ConstructBinaryTree.vcxproj", "{66BF6ED1-EED6-4877-AD0F-6EC5733620E2}"
EndProject
Project("{8BC9CEB8-8B4A-11D0-8D11-00A0C91BC942}") = "08_NextNodeInBinaryTrees", "08_NextNodeInBinaryTrees\08_NextNodeInBinaryTrees.vcxproj", "{9E4279AC-9D4B-4B56-AA0F-77CF63ADA60C}"
EndProject
Project("{8BC9CEB8-8B4A-11D0-8D11-00A0C91BC942}") = "09_QueueWithTwoStacks", "09_QueueWithTwoStacks\09_QueueWithTwoStacks.vcxproj", "{FCD6D998-DFB6-46EA-BC54-1B57C3CF16C6}"
EndProject
Project("{8BC9CEB8-8B4A-11D0-8D11-00A0C91BC942}") = "10_Fibonacci", "10_Fibonacci\10_Fibonacci.vcxproj", "{C168F24E-1E5B-4683-A6A0-28480961133F}"
EndProject
Project("{8BC9CEB8-8B4A-11D0-8D11-00A0C91BC942}") = "11_MinNumberInRotatedArray", "11_MinNumberInRotatedArray\11_MinNumberInRotatedArray.vcxproj", "{8EF515C8-1318-4440-9290-AB46E4639F1A}"
EndProject
Project("{8BC9CEB8-8B4A-11D0-8D11-00A0C91BC942}") = "12_StringPathInMatrix", "12_StringPathInMatrix\12_StringPathInMatrix.vcxproj", "{2E5A5CCE-4A4B-424F-933B-E7B91BFF54F9}"
EndProject
Project("{8BC9CEB8-8B4A-11D0-8D11-00A0C91BC942}") = "13_RobotMove", "13_RobotMove\13_RobotMove.vcxproj", "{1FC7EAAC-57D1-4629-B842-CCFA002C4CCF}"
EndProject
Project("{8BC9CEB8-8B4A-11D0-8D11-00A0C91BC942}") = "14_CuttingRope", "14_CuttingRope\14_CuttingRope.vcxproj", "{FF7ED3B0-5CE4-4D7B-954A-9EE93936D9A1}"
EndProject
Project("{8BC9CEB8-8B4A-11D0-8D11-00A0C91BC942}") = "15_NumberOf1InBinary", "15_NumberOf1InBinary\15_NumberOf1InBinary.vcxproj", "{A9AF95C4-4FA9-4A7E-B005-005777651659}"
EndProject
Project("{8BC9CEB8-8B4A-11D0-8D11-00A0C91BC942}") = "16_Power", "16_Power\16_Power.vcxproj", "{5D7F5EE4-EC87-4F2C-A3BD-C27671D1767C}"
EndProject
Project("{8BC9CEB8-8B4A-11D0-8D11-00A0C91BC942}") = "17_Print1ToMaxOfNDigits", "17_Print1ToMaxOfNDigits\17_Print1ToMaxOfNDigits.vcxproj", "{DC76AF32-A041-41CA-A9BC-D768098D8215}"
EndProject
Project("{8BC9CEB8-8B4A-11D0-8D11-00A0C91BC942}") = "18_01_DeleteNodeInList", "18_01_DeleteNodeInList\18_01_DeleteNodeInList.vcxproj", "{1E9B1C5D-43CA-4443-B0C0-681FF6D790EB}"
EndProject
Project("{8BC9CEB8-8B4A-11D0-8D11-00A0C91BC942}") = "18_02_DeleteDuplicatedNode", "18_02_DeleteDuplicatedNode\18_02_DeleteDuplicatedNode.vcxproj", "{2E99BF81-AFB7-40DE-BE9D-C24C1D79AED1}"
EndProject
Project("{8BC9CEB8-8B4A-11D0-8D11-00A0C91BC942}") = "19_RegularExpressionsMatching", "19_RegularExpressionsMatching\19_RegularExpressionsMatching.vcxproj", "{B495FA4E-FBEC-4CF9-9A1A-C009F1BA53D8}"
EndProject
Project("{8BC9CEB8-8B4A-11D0-8D11-00A0C91BC942}") = "20_NumericStrings", "20_NumericStrings\20_NumericStrings.vcxproj", "{4467E98D-F24C-47AF-9639-E3034FF58C1E}"
EndProject
Project("{8BC9CEB8-8B4A-11D0-8D11-00A0C91BC942}") = "21_ReorderArray", "21_ReorderArray\21_ReorderArray.vcxproj", "{940BA854-308D-4E32-9E0E-53F598D5E471}"
EndProject
Project("{8BC9CEB8-8B4A-11D0-8D11-00A0C91BC942}") = "22_KthNodeFromEnd", "22_KthNodeFromEnd\22_KthNodeFromEnd.vcxproj", "{770FECC9-D6EA-4051-8F8B-399C90CB9B98}"
EndProject
Project("{8BC9CEB8-8B4A-11D0-8D11-00A0C91BC942}") = "23_EntryNodeInListLoop", "23_EntryNodeInListLoop\23_EntryNodeInListLoop.vcxproj", "{C643FEBF-95C5-4CA7-B5A6-8ED9C8C5BA03}"
EndProject
Project("{8BC9CEB8-8B4A-11D0-8D11-00A0C91BC942}") = "24_ReverseList", "24_ReverseList\24_ReverseList.vcxproj", "{58FC36C7-E34D-402A-B028-6AD0D0D11FC3}"
EndProject
Project("{8BC9CEB8-8B4A-11D0-8D11-00A0C91BC942}") = "25_MergeSortedLists", "25_MergeSortedLists\25_MergeSortedLists.vcxproj", "{55D7F9A4-14A2-40EE-9EAB-2A2D03D19EBE}"
EndProject
Project("{8BC9CEB8-8B4A-11D0-8D11-00A0C91BC942}") = "26_SubstructureInTree", "26_SubstructureInTree\26_SubstructureInTree.vcxproj", "{D4B2BD6A-2BD9-47AD-AC60-4962FD670A6E}"
EndProject
Project("{8BC9CEB8-8B4A-11D0-8D11-00A0C91BC942}") = "27_MirrorOfBinaryTree", "27_MirrorOfBinaryTree\27_MirrorOfBinaryTree.vcxproj", "{2B6DDEAC-B618-4082-BACE-8BC1980417D8}"
EndProject
Project("{8BC9CEB8-8B4A-11D0-8D11-00A0C91BC942}") = "28_SymmetricalBinaryTree", "28_SymmetricalBinaryTree\28_SymmetricalBinaryTree.vcxproj", "{92CB1F9F-DB0F-4C9F-88EB-339E4B6A135E}"
EndProject
Project("{8BC9CEB8-8B4A-11D0-8D11-00A0C91BC942}") = "29_PrintMatrix", "29_PrintMatrix\29_PrintMatrix.vcxproj", "{AEC239E0-E973-4139-93A4-399FFF2B35BE}"
EndProject
Project("{8BC9CEB8-8B4A-11D0-8D11-00A0C91BC942}") = "30_MinInStack", "30_MinInStack\30_MinInStack.vcxproj", "{3CD62C56-FF5B-4E56-B53C-CAE9807682EA}"
EndProject
Project("{8BC9CEB8-8B4A-11D0-8D11-00A0C91BC942}") = "31_StackPushPopOrder", "31_StackPushPopOrder\31_StackPushPopOrder.vcxproj", "{C01A494E-39A4-49C6-91F8-B9812A0FA390}"
EndProject
Project("{8BC9CEB8-8B4A-11D0-8D11-00A0C91BC942}") = "32_01_PrintTreeFromTopToBottom", "32_01_PrintTreeFromTopToBottom\32_01_PrintTreeFromTopToBottom.vcxproj", "{257AC5D4-FDC2-4F4D-9378-47D06EF24F7C}"
EndProject
Project("{8BC9CEB8-8B4A-11D0-8D11-00A0C91BC942}") = "32_02_PrintTreesInLines", "32_02_PrintTreesInLines\32_02_PrintTreesInLines.vcxproj", "{A394D742-089E-4AFA-ABA5-E91A2D565B6D}"
EndProject
Project("{8BC9CEB8-8B4A-11D0-8D11-00A0C91BC942}") = "32_03_PrintTreesInZigzag", "32_03_PrintTreesInZigzag\32_03_PrintTreesInZigzag.vcxproj", "{7E591532-C86D-4163-93AE-4F925DBFF0FC}"
EndProject
Project("{8BC9CEB8-8B4A-11D0-8D11-00A0C91BC942}") = "33_SquenceOfBST", "33_SquenceOfBST\33_SquenceOfBST.vcxproj", "{966FE247-8D7C-48A4-B35A-C17B45ED80C4}"
EndProject
Project("{8BC9CEB8-8B4A-11D0-8D11-00A0C91BC942}") = "34_PathInTree", "34_PathInTree\34_PathInTree.vcxproj", "{DB761999-16A5-45CB-8B0B-C171037EF622}"
EndProject
Project("{8BC9CEB8-8B4A-11D0-8D11-00A0C91BC942}") = "35_CopyComplexList", "35_CopyComplexList\35_CopyComplexList.vcxproj", "{1FB58129-7421-456F-85E3-0EE92035B3B3}"
EndProject
Project("{8BC9CEB8-8B4A-11D0-8D11-00A0C91BC942}") = "36_ConvertBinarySearchTree", "36_ConvertBinarySearchTree\36_ConvertBinarySearchTree.vcxproj", "{16C2E996-1E1B-47AC-82B0-9C4BFF184DF0}"
EndProject
Project("{8BC9CEB8-8B4A-11D0-8D11-00A0C91BC942}") = "37_SerializeBinaryTrees", "37_SerializeBinaryTrees\37_SerializeBinaryTrees.vcxproj", "{704ED7FD-64BC-4EAE-BFFD-292D1F7148AB}"
EndProject
Project("{8BC9CEB8-8B4A-11D0-8D11-00A0C91BC942}") = "38_StringPermutation", "38_StringPermutation\38_StringPermutation.vcxproj", "{723DACE6-BA53-484E-A24B-451B5C692CC2}"
EndProject
Project("{8BC9CEB8-8B4A-11D0-8D11-00A0C91BC942}") = "39_MoreThanHalfNumber", "39_MoreThanHalfNumber\39_MoreThanHalfNumber.vcxproj", "{2218D48B-E8E0-45E0-A7CC-767049563B6D}"
EndProject
Project("{8BC9CEB8-8B4A-11D0-8D11-00A0C91BC942}") = "40_KLeastNumbers", "40_KLeastNumbers\40_KLeastNumbers.vcxproj", "{FE9EE85E-58E3-4124-A061-18203D07CB49}"
EndProject
Project("{8BC9CEB8-8B4A-11D0-8D11-00A0C91BC942}") = "42_GreatestSumOfSubarrays", "42_GreatestSumOfSubarrays\42_GreatestSumOfSubarrays.vcxproj", "{9456A0AB-267A-4F6C-82C2-54C4288A625B}"
EndProject
Project("{8BC9CEB8-8B4A-11D0-8D11-00A0C91BC942}") = "43_NumberOf1", "43_NumberOf1\43_NumberOf1.vcxproj", "{0EA1A952-E722-43BF-B785-8A9FA7236683}"
EndProject
Project("{8BC9CEB8-8B4A-11D0-8D11-00A0C91BC942}") = "44_DigitsInSequence", "44_DigitsInSequence\44_DigitsInSequence.vcxproj", "{BAD4AEDF-70EE-4CA9-AEFF-71670CF249DF}"
EndProject
Project("{8BC9CEB8-8B4A-11D0-8D11-00A0C91BC942}") = "45_SortArrayForMinNumber", "45_SortArrayForMinNumber\45_SortArrayForMinNumber.vcxproj", "{4E630ECB-8B73-460F-80CB-F51950115361}"
EndProject
Project("{8BC9CEB8-8B4A-11D0-8D11-00A0C91BC942}") = "46_TranslateNumbersToStrings", "46_TranslateNumbersToStrings\46_TranslateNumbersToStrings.vcxproj", "{EFE5A960-CAC6-4C30-86CA-61E45B2CD6C9}"
EndProject
Project("{8BC9CEB8-8B4A-11D0-8D11-00A0C91BC942}") = "47_MaxValueOfGifts", "47_MaxValueOfGifts\47_MaxValueOfGifts.vcxproj", "{BE14D346-511E-4A64-9506-27C058890C16}"
EndProject
Project("{8BC9CEB8-8B4A-11D0-8D11-00A0C91BC942}") = "48_LongestSubstringWithoutDup", "48_LongestSubstringWithoutDup\48_LongestSubstringWithoutDup.vcxproj", "{00CF66F6-DB64-46AA-9F4B-2BCD8F943E82}"
EndProject
Project("{8BC9CEB8-8B4A-11D0-8D11-00A0C91BC942}") = "49_UglyNumber", "49_UglyNumber\49_UglyNumber.vcxproj", "{C736D9FB-C5D5-477F-A3E3-2654C5CF0E17}"
EndProject
Project("{8BC9CEB8-8B4A-11D0-8D11-00A0C91BC942}") = "50_01_FirstNotRepeatingChar", "50_01_FirstNotRepeatingChar\50_01_FirstNotRepeatingChar.vcxproj", "{83158AA0-01F4-4F5B-8E2D-F8D97CFAEC4C}"
EndProject
Project("{8BC9CEB8-8B4A-11D0-8D11-00A0C91BC942}") = "50_02_FirstCharacterInStream", "50_02_FirstCharacterInStream\50_02_FirstCharacterInStream.vcxproj", "{E5E8EF5B-70D4-4C58-8E38-C53D4E193C77}"
EndProject
Project("{8BC9CEB8-8B4A-11D0-8D11-00A0C91BC942}") = "51_InversePairs", "51_InversePairs\51_InversePairs.vcxproj", "{59E83834-2075-4490-AA72-429EC3328179}"
EndProject
Project("{8BC9CEB8-8B4A-11D0-8D11-00A0C91BC942}") = "52_FirstCommonNodesInLists", "52_FirstCommonNodesInLists\52_FirstCommonNodesInLists.vcxproj", "{EBC35F33-D9B1-480A-813A-64278EBF3013}"
EndProject
Project("{8BC9CEB8-8B4A-11D0-8D11-00A0C91BC942}") = "53_01_NumberOfK", "53_01_NumberOfK\53_01_NumberOfK.vcxproj", "{FB4B4B49-99A8-4EA3-8BF2-84F559B1E59A}"
EndProject
Project("{8BC9CEB8-8B4A-11D0-8D11-00A0C91BC942}") = "53_02_MissingNumber", "53_02_MissingNumber\53_02_MissingNumber.vcxproj", "{1622962E-9926-4E6B-8116-782666C26053}"
EndProject
Project("{8BC9CEB8-8B4A-11D0-8D11-00A0C91BC942}") = "53_03_IntegerIdenticalToIndex", "53_03_IntegerIdenticalToIndex\53_03_IntegerIdenticalToIndex.vcxproj", "{072FA154-EEE1-4477-BB18-08443767ABE8}"
EndProject
Project("{8BC9CEB8-8B4A-11D0-8D11-00A0C91BC942}") = "54_KthNodeInBST", "54_KthNodeInBST\54_KthNodeInBST.vcxproj", "{050F6A72-5004-42F6-8E1A-BA825C6C845B}"
EndProject
Project("{8BC9CEB8-8B4A-11D0-8D11-00A0C91BC942}") = "55_01_TreeDepth", "55_01_TreeDepth\55_01_TreeDepth.vcxproj", "{B920F64B-2428-4BC8-BF59-052717ACADCC}"
EndProject
Project("{8BC9CEB8-8B4A-11D0-8D11-00A0C91BC942}") = "55_02_BalancedBinaryTree", "55_02_BalancedBinaryTree\55_02_BalancedBinaryTree.vcxproj", "{6734F70E-193F-4E6B-BB09-A6CB4881193D}"
EndProject
Project("{8BC9CEB8-8B4A-11D0-8D11-00A0C91BC942}") = "56_01_NumbersAppearOnce", "56_01_NumbersAppearOnce\56_01_NumbersAppearOnce.vcxproj", "{7AF20C33-D3E9-4DB1-8BCE-F4FA7CBF714E}"
EndProject
Project("{8BC9CEB8-8B4A-11D0-8D11-00A0C91BC942}") = "56_02_NumberAppearingOnce", "56_02_NumberAppearingOnce\56_02_NumberAppearingOnce.vcxproj", "{D9BFEF3C-2AE9-4DF6-BD9F-18AD49C20510}"
EndProject
Project("{8BC9CEB8-8B4A-11D0-8D11-00A0C91BC942}") = "57_01_TwoNumbersWithSum", "57_01_TwoNumbersWithSum\57_01_TwoNumbersWithSum.vcxproj", "{BEE4DF2A-97A0-4DD0-BFC6-F215D24D3AE3}"
EndProject
Project("{8BC9CEB8-8B4A-11D0-8D11-00A0C91BC942}") = "57_02_ContinuousSquenceWithSum", "57_02_ContinuousSquenceWithSum\57_02_ContinuousSquenceWithSum.vcxproj", "{C4BBFF39-9208-4A17-88E8-F5E7C939E9A6}"
EndProject
Project("{8BC9CEB8-8B4A-11D0-8D11-00A0C91BC942}") = "58_01_ReverseWordsInSentence", "58_01_ReverseWordsInSentence\58_01_ReverseWordsInSentence.vcxproj", "{E32AF29D-9584-4BCD-B6EA-5669AB6B54D2}"
EndProject
Project("{8BC9CEB8-8B4A-11D0-8D11-00A0C91BC942}") = "58_02_LeftRotateString", "58_02_LeftRotateString\58_02_LeftRotateString.vcxproj", "{B8FC69A9-9C66-4C8C-8DE0-9A351912E9AB}"
EndProject
Project("{8BC9CEB8-8B4A-11D0-8D11-00A0C91BC942}") = "59_01_MaxInSlidingWindow", "59_01_MaxInSlidingWindow\59_01_MaxInSlidingWindow.vcxproj", "{7ECE0AB7-A33A-447D-9AC4-FCCB5801BD0D}"
EndProject
Project("{8BC9CEB8-8B4A-11D0-8D11-00A0C91BC942}") = "59_02_QueueWithMax", "59_02_QueueWithMax\59_02_QueueWithMax.vcxproj", "{4F8F1673-C98B-48ED-9DEB-C1BB16683AB0}"
EndProject
Project("{8BC9CEB8-8B4A-11D0-8D11-00A0C91BC942}") = "60_DicesProbability", "60_DicesProbability\60_DicesProbability.vcxproj", "{9810A644-A5F8-4AD4-BCEB-B756C94626BC}"
EndProject
Project("{8BC9CEB8-8B4A-11D0-8D11-00A0C91BC942}") = "61_ContinousCards", "61_ContinousCards\61_ContinousCards.vcxproj", "{A82DDB97-1707-49EF-9828-6C83143DCDCB}"
EndProject
Project("{8BC9CEB8-8B4A-11D0-8D11-00A0C91BC942}") = "62_LastNumberInCircle", "62_LastNumberInCircle\62_LastNumberInCircle.vcxproj", "{10FBBE33-ACA7-4D0B-BD95-9CA126B00FAE}"
EndProject
Project("{8BC9CEB8-8B4A-11D0-8D11-00A0C91BC942}") = "63_MaximalProfit", "63_MaximalProfit\63_MaximalProfit.vcxproj", "{96393071-6A06-47E2-8281-AA9DB6B10BC5}"
EndProject
Project("{8BC9CEB8-8B4A-11D0-8D11-00A0C91BC942}") = "64_Accumulate", "64_Accumulate\64_Accumulate.vcxproj", "{6D98C48B-78FF-449D-B4C2-3D0DE1258D5D}"
EndProject
Project("{8BC9CEB8-8B4A-11D0-8D11-00A0C91BC942}") = "65_AddTwoNumbers", "65_AddTwoNumbers\65_AddTwoNumbers.vcxproj", "{0E93EF1B-9EE8-4E5C-BE7E-CE8A1AE7EA68}"
EndProject
Project("{8BC9CEB8-8B4A-11D0-8D11-00A0C91BC942}") = "66_ConstuctArray", "66_ConstuctArray\66_ConstuctArray.vcxproj", "{56BEBB41-747D-4556-83FB-D609C28E1DE5}"
EndProject
Project("{8BC9CEB8-8B4A-11D0-8D11-00A0C91BC942}") = "67_StringToInt", "67_StringToInt\67_StringToInt.vcxproj", "{23085B6E-4F6E-40EE-BA2E-547ADB5D91B9}"
EndProject
Project("{8BC9CEB8-8B4A-11D0-8D11-00A0C91BC942}") = "68_CommonParentInTree", "68_CommonParentInTree\68_CommonParentInTree.vcxproj", "{80F289B0-C09A-4653-AFFD-53B84C1AD9C1}"
EndProject
Project("{8BC9CEB8-8B4A-11D0-8D11-00A0C91BC942}") = "41_StreamMedian", "41_StreamMedian\41_StreamMedian.vcxproj", "{826E8234-EF07-4FA2-B902-526F8A276823}"
EndProject
Global
	GlobalSection(SolutionConfigurationPlatforms) = preSolution
		Debug|Any CPU = Debug|Any CPU
		Debug|x64 = Debug|x64
		Debug|x86 = Debug|x86
		Release|Any CPU = Release|Any CPU
		Release|x64 = Release|x64
		Release|x86 = Release|x86
	EndGlobalSection
	GlobalSection(ProjectConfigurationPlatforms) = postSolution
		{F5856FF2-B14C-4BDF-A0C5-275401A6547D}.Debug|Any CPU.ActiveCfg = Debug|Win32
		{F5856FF2-B14C-4BDF-A0C5-275401A6547D}.Debug|x64.ActiveCfg = Debug|x64
		{F5856FF2-B14C-4BDF-A0C5-275401A6547D}.Debug|x64.Build.0 = Debug|x64
		{F5856FF2-B14C-4BDF-A0C5-275401A6547D}.Debug|x86.ActiveCfg = Debug|Win32
		{F5856FF2-B14C-4BDF-A0C5-275401A6547D}.Debug|x86.Build.0 = Debug|Win32
		{F5856FF2-B14C-4BDF-A0C5-275401A6547D}.Release|Any CPU.ActiveCfg = Release|Win32
		{F5856FF2-B14C-4BDF-A0C5-275401A6547D}.Release|x64.ActiveCfg = Release|x64
		{F5856FF2-B14C-4BDF-A0C5-275401A6547D}.Release|x64.Build.0 = Release|x64
		{F5856FF2-B14C-4BDF-A0C5-275401A6547D}.Release|x86.ActiveCfg = Release|Win32
		{F5856FF2-B14C-4BDF-A0C5-275401A6547D}.Release|x86.Build.0 = Release|Win32
		{7CC5C371-1678-490B-88BB-2013C40A3520}.Debug|Any CPU.ActiveCfg = Debug|Any CPU
		{7CC5C371-1678-490B-88BB-2013C40A3520}.Debug|Any CPU.Build.0 = Debug|Any CPU
		{7CC5C371-1678-490B-88BB-2013C40A3520}.Debug|x64.ActiveCfg = Debug|Any CPU
		{7CC5C371-1678-490B-88BB-2013C40A3520}.Debug|x64.Build.0 = Debug|Any CPU
		{7CC5C371-1678-490B-88BB-2013C40A3520}.Debug|x86.ActiveCfg = Debug|Any CPU
		{7CC5C371-1678-490B-88BB-2013C40A3520}.Debug|x86.Build.0 = Debug|Any CPU
		{7CC5C371-1678-490B-88BB-2013C40A3520}.Release|Any CPU.ActiveCfg = Release|Any CPU
		{7CC5C371-1678-490B-88BB-2013C40A3520}.Release|Any CPU.Build.0 = Release|Any CPU
		{7CC5C371-1678-490B-88BB-2013C40A3520}.Release|x64.ActiveCfg = Release|Any CPU
		{7CC5C371-1678-490B-88BB-2013C40A3520}.Release|x64.Build.0 = Release|Any CPU
		{7CC5C371-1678-490B-88BB-2013C40A3520}.Release|x86.ActiveCfg = Release|Any CPU
		{7CC5C371-1678-490B-88BB-2013C40A3520}.Release|x86.Build.0 = Release|Any CPU
		{018D47FA-82CD-4057-B3D2-5E21E48A3AF7}.Debug|Any CPU.ActiveCfg = Debug|Win32
		{018D47FA-82CD-4057-B3D2-5E21E48A3AF7}.Debug|x64.ActiveCfg = Debug|x64
		{018D47FA-82CD-4057-B3D2-5E21E48A3AF7}.Debug|x64.Build.0 = Debug|x64
		{018D47FA-82CD-4057-B3D2-5E21E48A3AF7}.Debug|x86.ActiveCfg = Debug|Win32
		{018D47FA-82CD-4057-B3D2-5E21E48A3AF7}.Debug|x86.Build.0 = Debug|Win32
		{018D47FA-82CD-4057-B3D2-5E21E48A3AF7}.Release|Any CPU.ActiveCfg = Release|Win32
		{018D47FA-82CD-4057-B3D2-5E21E48A3AF7}.Release|x64.ActiveCfg = Release|x64
		{018D47FA-82CD-4057-B3D2-5E21E48A3AF7}.Release|x64.Build.0 = Release|x64
		{018D47FA-82CD-4057-B3D2-5E21E48A3AF7}.Release|x86.ActiveCfg = Release|Win32
		{018D47FA-82CD-4057-B3D2-5E21E48A3AF7}.Release|x86.Build.0 = Release|Win32
		{57449C40-6412-464D-94B3-4E75F968BF03}.Debug|Any CPU.ActiveCfg = Debug|Win32
		{57449C40-6412-464D-94B3-4E75F968BF03}.Debug|x64.ActiveCfg = Debug|x64
		{57449C40-6412-464D-94B3-4E75F968BF03}.Debug|x64.Build.0 = Debug|x64
		{57449C40-6412-464D-94B3-4E75F968BF03}.Debug|x86.ActiveCfg = Debug|Win32
		{57449C40-6412-464D-94B3-4E75F968BF03}.Debug|x86.Build.0 = Debug|Win32
		{57449C40-6412-464D-94B3-4E75F968BF03}.Release|Any CPU.ActiveCfg = Release|Win32
		{57449C40-6412-464D-94B3-4E75F968BF03}.Release|x64.ActiveCfg = Release|x64
		{57449C40-6412-464D-94B3-4E75F968BF03}.Release|x64.Build.0 = Release|x64
		{57449C40-6412-464D-94B3-4E75F968BF03}.Release|x86.ActiveCfg = Release|Win32
		{57449C40-6412-464D-94B3-4E75F968BF03}.Release|x86.Build.0 = Release|Win32
		{C315DEC3-DEE7-485A-B3AF-C193138EEC8B}.Debug|Any CPU.ActiveCfg = Debug|Win32
		{C315DEC3-DEE7-485A-B3AF-C193138EEC8B}.Debug|x64.ActiveCfg = Debug|x64
		{C315DEC3-DEE7-485A-B3AF-C193138EEC8B}.Debug|x64.Build.0 = Debug|x64
		{C315DEC3-DEE7-485A-B3AF-C193138EEC8B}.Debug|x86.ActiveCfg = Debug|Win32
		{C315DEC3-DEE7-485A-B3AF-C193138EEC8B}.Debug|x86.Build.0 = Debug|Win32
		{C315DEC3-DEE7-485A-B3AF-C193138EEC8B}.Release|Any CPU.ActiveCfg = Release|Win32
		{C315DEC3-DEE7-485A-B3AF-C193138EEC8B}.Release|x64.ActiveCfg = Release|x64
		{C315DEC3-DEE7-485A-B3AF-C193138EEC8B}.Release|x64.Build.0 = Release|x64
		{C315DEC3-DEE7-485A-B3AF-C193138EEC8B}.Release|x86.ActiveCfg = Release|Win32
		{C315DEC3-DEE7-485A-B3AF-C193138EEC8B}.Release|x86.Build.0 = Release|Win32
		{535226A6-C2A6-4F15-94A0-AEC6FF07FD4C}.Debug|Any CPU.ActiveCfg = Debug|Win32
		{535226A6-C2A6-4F15-94A0-AEC6FF07FD4C}.Debug|x64.ActiveCfg = Debug|x64
		{535226A6-C2A6-4F15-94A0-AEC6FF07FD4C}.Debug|x64.Build.0 = Debug|x64
		{535226A6-C2A6-4F15-94A0-AEC6FF07FD4C}.Debug|x86.ActiveCfg = Debug|Win32
		{535226A6-C2A6-4F15-94A0-AEC6FF07FD4C}.Debug|x86.Build.0 = Debug|Win32
		{535226A6-C2A6-4F15-94A0-AEC6FF07FD4C}.Release|Any CPU.ActiveCfg = Release|Win32
		{535226A6-C2A6-4F15-94A0-AEC6FF07FD4C}.Release|x64.ActiveCfg = Release|x64
		{535226A6-C2A6-4F15-94A0-AEC6FF07FD4C}.Release|x64.Build.0 = Release|x64
		{535226A6-C2A6-4F15-94A0-AEC6FF07FD4C}.Release|x86.ActiveCfg = Release|Win32
		{535226A6-C2A6-4F15-94A0-AEC6FF07FD4C}.Release|x86.Build.0 = Release|Win32
		{57F74798-4317-4214-8CDA-6311A6BCFDD1}.Debug|Any CPU.ActiveCfg = Debug|Win32
		{57F74798-4317-4214-8CDA-6311A6BCFDD1}.Debug|x64.ActiveCfg = Debug|x64
		{57F74798-4317-4214-8CDA-6311A6BCFDD1}.Debug|x64.Build.0 = Debug|x64
		{57F74798-4317-4214-8CDA-6311A6BCFDD1}.Debug|x86.ActiveCfg = Debug|Win32
		{57F74798-4317-4214-8CDA-6311A6BCFDD1}.Debug|x86.Build.0 = Debug|Win32
		{57F74798-4317-4214-8CDA-6311A6BCFDD1}.Release|Any CPU.ActiveCfg = Release|Win32
		{57F74798-4317-4214-8CDA-6311A6BCFDD1}.Release|x64.ActiveCfg = Release|x64
		{57F74798-4317-4214-8CDA-6311A6BCFDD1}.Release|x64.Build.0 = Release|x64
		{57F74798-4317-4214-8CDA-6311A6BCFDD1}.Release|x86.ActiveCfg = Release|Win32
		{57F74798-4317-4214-8CDA-6311A6BCFDD1}.Release|x86.Build.0 = Release|Win32
		{732DA13A-F8BB-4CEF-B96D-61DE60BDB6A7}.Debug|Any CPU.ActiveCfg = Debug|Win32
		{732DA13A-F8BB-4CEF-B96D-61DE60BDB6A7}.Debug|x64.ActiveCfg = Debug|x64
		{732DA13A-F8BB-4CEF-B96D-61DE60BDB6A7}.Debug|x64.Build.0 = Debug|x64
		{732DA13A-F8BB-4CEF-B96D-61DE60BDB6A7}.Debug|x86.ActiveCfg = Debug|Win32
		{732DA13A-F8BB-4CEF-B96D-61DE60BDB6A7}.Debug|x86.Build.0 = Debug|Win32
		{732DA13A-F8BB-4CEF-B96D-61DE60BDB6A7}.Release|Any CPU.ActiveCfg = Release|Win32
		{732DA13A-F8BB-4CEF-B96D-61DE60BDB6A7}.Release|x64.ActiveCfg = Release|x64
		{732DA13A-F8BB-4CEF-B96D-61DE60BDB6A7}.Release|x64.Build.0 = Release|x64
		{732DA13A-F8BB-4CEF-B96D-61DE60BDB6A7}.Release|x86.ActiveCfg = Release|Win32
		{732DA13A-F8BB-4CEF-B96D-61DE60BDB6A7}.Release|x86.Build.0 = Release|Win32
		{66BF6ED1-EED6-4877-AD0F-6EC5733620E2}.Debug|Any CPU.ActiveCfg = Debug|Win32
		{66BF6ED1-EED6-4877-AD0F-6EC5733620E2}.Debug|x64.ActiveCfg = Debug|x64
		{66BF6ED1-EED6-4877-AD0F-6EC5733620E2}.Debug|x64.Build.0 = Debug|x64
		{66BF6ED1-EED6-4877-AD0F-6EC5733620E2}.Debug|x86.ActiveCfg = Debug|Win32
		{66BF6ED1-EED6-4877-AD0F-6EC5733620E2}.Debug|x86.Build.0 = Debug|Win32
		{66BF6ED1-EED6-4877-AD0F-6EC5733620E2}.Release|Any CPU.ActiveCfg = Release|Win32
		{66BF6ED1-EED6-4877-AD0F-6EC5733620E2}.Release|x64.ActiveCfg = Release|x64
		{66BF6ED1-EED6-4877-AD0F-6EC5733620E2}.Release|x64.Build.0 = Release|x64
		{66BF6ED1-EED6-4877-AD0F-6EC5733620E2}.Release|x86.ActiveCfg = Release|Win32
		{66BF6ED1-EED6-4877-AD0F-6EC5733620E2}.Release|x86.Build.0 = Release|Win32
		{9E4279AC-9D4B-4B56-AA0F-77CF63ADA60C}.Debug|Any CPU.ActiveCfg = Debug|Win32
		{9E4279AC-9D4B-4B56-AA0F-77CF63ADA60C}.Debug|x64.ActiveCfg = Debug|x64
		{9E4279AC-9D4B-4B56-AA0F-77CF63ADA60C}.Debug|x64.Build.0 = Debug|x64
		{9E4279AC-9D4B-4B56-AA0F-77CF63ADA60C}.Debug|x86.ActiveCfg = Debug|Win32
		{9E4279AC-9D4B-4B56-AA0F-77CF63ADA60C}.Debug|x86.Build.0 = Debug|Win32
		{9E4279AC-9D4B-4B56-AA0F-77CF63ADA60C}.Release|Any CPU.ActiveCfg = Release|Win32
		{9E4279AC-9D4B-4B56-AA0F-77CF63ADA60C}.Release|x64.ActiveCfg = Release|x64
		{9E4279AC-9D4B-4B56-AA0F-77CF63ADA60C}.Release|x64.Build.0 = Release|x64
		{9E4279AC-9D4B-4B56-AA0F-77CF63ADA60C}.Release|x86.ActiveCfg = Release|Win32
		{9E4279AC-9D4B-4B56-AA0F-77CF63ADA60C}.Release|x86.Build.0 = Release|Win32
		{FCD6D998-DFB6-46EA-BC54-1B57C3CF16C6}.Debug|Any CPU.ActiveCfg = Debug|Win32
		{FCD6D998-DFB6-46EA-BC54-1B57C3CF16C6}.Debug|x64.ActiveCfg = Debug|x64
		{FCD6D998-DFB6-46EA-BC54-1B57C3CF16C6}.Debug|x64.Build.0 = Debug|x64
		{FCD6D998-DFB6-46EA-BC54-1B57C3CF16C6}.Debug|x86.ActiveCfg = Debug|Win32
		{FCD6D998-DFB6-46EA-BC54-1B57C3CF16C6}.Debug|x86.Build.0 = Debug|Win32
		{FCD6D998-DFB6-46EA-BC54-1B57C3CF16C6}.Release|Any CPU.ActiveCfg = Release|Win32
		{FCD6D998-DFB6-46EA-BC54-1B57C3CF16C6}.Release|x64.ActiveCfg = Release|x64
		{FCD6D998-DFB6-46EA-BC54-1B57C3CF16C6}.Release|x64.Build.0 = Release|x64
		{FCD6D998-DFB6-46EA-BC54-1B57C3CF16C6}.Release|x86.ActiveCfg = Release|Win32
		{FCD6D998-DFB6-46EA-BC54-1B57C3CF16C6}.Release|x86.Build.0 = Release|Win32
		{C168F24E-1E5B-4683-A6A0-28480961133F}.Debug|Any CPU.ActiveCfg = Debug|Win32
		{C168F24E-1E5B-4683-A6A0-28480961133F}.Debug|x64.ActiveCfg = Debug|x64
		{C168F24E-1E5B-4683-A6A0-28480961133F}.Debug|x64.Build.0 = Debug|x64
		{C168F24E-1E5B-4683-A6A0-28480961133F}.Debug|x86.ActiveCfg = Debug|Win32
		{C168F24E-1E5B-4683-A6A0-28480961133F}.Debug|x86.Build.0 = Debug|Win32
		{C168F24E-1E5B-4683-A6A0-28480961133F}.Release|Any CPU.ActiveCfg = Release|Win32
		{C168F24E-1E5B-4683-A6A0-28480961133F}.Release|x64.ActiveCfg = Release|x64
		{C168F24E-1E5B-4683-A6A0-28480961133F}.Release|x64.Build.0 = Release|x64
		{C168F24E-1E5B-4683-A6A0-28480961133F}.Release|x86.ActiveCfg = Release|Win32
		{C168F24E-1E5B-4683-A6A0-28480961133F}.Release|x86.Build.0 = Release|Win32
		{8EF515C8-1318-4440-9290-AB46E4639F1A}.Debug|Any CPU.ActiveCfg = Debug|Win32
		{8EF515C8-1318-4440-9290-AB46E4639F1A}.Debug|x64.ActiveCfg = Debug|x64
		{8EF515C8-1318-4440-9290-AB46E4639F1A}.Debug|x64.Build.0 = Debug|x64
		{8EF515C8-1318-4440-9290-AB46E4639F1A}.Debug|x86.ActiveCfg = Debug|Win32
		{8EF515C8-1318-4440-9290-AB46E4639F1A}.Debug|x86.Build.0 = Debug|Win32
		{8EF515C8-1318-4440-9290-AB46E4639F1A}.Release|Any CPU.ActiveCfg = Release|Win32
		{8EF515C8-1318-4440-9290-AB46E4639F1A}.Release|x64.ActiveCfg = Release|x64
		{8EF515C8-1318-4440-9290-AB46E4639F1A}.Release|x64.Build.0 = Release|x64
		{8EF515C8-1318-4440-9290-AB46E4639F1A}.Release|x86.ActiveCfg = Release|Win32
		{8EF515C8-1318-4440-9290-AB46E4639F1A}.Release|x86.Build.0 = Release|Win32
		{2E5A5CCE-4A4B-424F-933B-E7B91BFF54F9}.Debug|Any CPU.ActiveCfg = Debug|Win32
		{2E5A5CCE-4A4B-424F-933B-E7B91BFF54F9}.Debug|x64.ActiveCfg = Debug|x64
		{2E5A5CCE-4A4B-424F-933B-E7B91BFF54F9}.Debug|x64.Build.0 = Debug|x64
		{2E5A5CCE-4A4B-424F-933B-E7B91BFF54F9}.Debug|x86.ActiveCfg = Debug|Win32
		{2E5A5CCE-4A4B-424F-933B-E7B91BFF54F9}.Debug|x86.Build.0 = Debug|Win32
		{2E5A5CCE-4A4B-424F-933B-E7B91BFF54F9}.Release|Any CPU.ActiveCfg = Release|Win32
		{2E5A5CCE-4A4B-424F-933B-E7B91BFF54F9}.Release|x64.ActiveCfg = Release|x64
		{2E5A5CCE-4A4B-424F-933B-E7B91BFF54F9}.Release|x64.Build.0 = Release|x64
		{2E5A5CCE-4A4B-424F-933B-E7B91BFF54F9}.Release|x86.ActiveCfg = Release|Win32
		{2E5A5CCE-4A4B-424F-933B-E7B91BFF54F9}.Release|x86.Build.0 = Release|Win32
		{1FC7EAAC-57D1-4629-B842-CCFA002C4CCF}.Debug|Any CPU.ActiveCfg = Debug|Win32
		{1FC7EAAC-57D1-4629-B842-CCFA002C4CCF}.Debug|x64.ActiveCfg = Debug|x64
		{1FC7EAAC-57D1-4629-B842-CCFA002C4CCF}.Debug|x64.Build.0 = Debug|x64
		{1FC7EAAC-57D1-4629-B842-CCFA002C4CCF}.Debug|x86.ActiveCfg = Debug|Win32
		{1FC7EAAC-57D1-4629-B842-CCFA002C4CCF}.Debug|x86.Build.0 = Debug|Win32
		{1FC7EAAC-57D1-4629-B842-CCFA002C4CCF}.Release|Any CPU.ActiveCfg = Release|Win32
		{1FC7EAAC-57D1-4629-B842-CCFA002C4CCF}.Release|x64.ActiveCfg = Release|x64
		{1FC7EAAC-57D1-4629-B842-CCFA002C4CCF}.Release|x64.Build.0 = Release|x64
		{1FC7EAAC-57D1-4629-B842-CCFA002C4CCF}.Release|x86.ActiveCfg = Release|Win32
		{1FC7EAAC-57D1-4629-B842-CCFA002C4CCF}.Release|x86.Build.0 = Release|Win32
		{FF7ED3B0-5CE4-4D7B-954A-9EE93936D9A1}.Debug|Any CPU.ActiveCfg = Debug|Win32
		{FF7ED3B0-5CE4-4D7B-954A-9EE93936D9A1}.Debug|x64.ActiveCfg = Debug|x64
		{FF7ED3B0-5CE4-4D7B-954A-9EE93936D9A1}.Debug|x64.Build.0 = Debug|x64
		{FF7ED3B0-5CE4-4D7B-954A-9EE93936D9A1}.Debug|x86.ActiveCfg = Debug|Win32
		{FF7ED3B0-5CE4-4D7B-954A-9EE93936D9A1}.Debug|x86.Build.0 = Debug|Win32
		{FF7ED3B0-5CE4-4D7B-954A-9EE93936D9A1}.Release|Any CPU.ActiveCfg = Release|Win32
		{FF7ED3B0-5CE4-4D7B-954A-9EE93936D9A1}.Release|x64.ActiveCfg = Release|x64
		{FF7ED3B0-5CE4-4D7B-954A-9EE93936D9A1}.Release|x64.Build.0 = Release|x64
		{FF7ED3B0-5CE4-4D7B-954A-9EE93936D9A1}.Release|x86.ActiveCfg = Release|Win32
		{FF7ED3B0-5CE4-4D7B-954A-9EE93936D9A1}.Release|x86.Build.0 = Release|Win32
		{A9AF95C4-4FA9-4A7E-B005-005777651659}.Debug|Any CPU.ActiveCfg = Debug|Win32
		{A9AF95C4-4FA9-4A7E-B005-005777651659}.Debug|x64.ActiveCfg = Debug|x64
		{A9AF95C4-4FA9-4A7E-B005-005777651659}.Debug|x64.Build.0 = Debug|x64
		{A9AF95C4-4FA9-4A7E-B005-005777651659}.Debug|x86.ActiveCfg = Debug|Win32
		{A9AF95C4-4FA9-4A7E-B005-005777651659}.Debug|x86.Build.0 = Debug|Win32
		{A9AF95C4-4FA9-4A7E-B005-005777651659}.Release|Any CPU.ActiveCfg = Release|Win32
		{A9AF95C4-4FA9-4A7E-B005-005777651659}.Release|x64.ActiveCfg = Release|x64
		{A9AF95C4-4FA9-4A7E-B005-005777651659}.Release|x64.Build.0 = Release|x64
		{A9AF95C4-4FA9-4A7E-B005-005777651659}.Release|x86.ActiveCfg = Release|Win32
		{A9AF95C4-4FA9-4A7E-B005-005777651659}.Release|x86.Build.0 = Release|Win32
		{5D7F5EE4-EC87-4F2C-A3BD-C27671D1767C}.Debug|Any CPU.ActiveCfg = Debug|Win32
		{5D7F5EE4-EC87-4F2C-A3BD-C27671D1767C}.Debug|x64.ActiveCfg = Debug|x64
		{5D7F5EE4-EC87-4F2C-A3BD-C27671D1767C}.Debug|x64.Build.0 = Debug|x64
		{5D7F5EE4-EC87-4F2C-A3BD-C27671D1767C}.Debug|x86.ActiveCfg = Debug|Win32
		{5D7F5EE4-EC87-4F2C-A3BD-C27671D1767C}.Debug|x86.Build.0 = Debug|Win32
		{5D7F5EE4-EC87-4F2C-A3BD-C27671D1767C}.Release|Any CPU.ActiveCfg = Release|Win32
		{5D7F5EE4-EC87-4F2C-A3BD-C27671D1767C}.Release|x64.ActiveCfg = Release|x64
		{5D7F5EE4-EC87-4F2C-A3BD-C27671D1767C}.Release|x64.Build.0 = Release|x64
		{5D7F5EE4-EC87-4F2C-A3BD-C27671D1767C}.Release|x86.ActiveCfg = Release|Win32
		{5D7F5EE4-EC87-4F2C-A3BD-C27671D1767C}.Release|x86.Build.0 = Release|Win32
		{DC76AF32-A041-41CA-A9BC-D768098D8215}.Debug|Any CPU.ActiveCfg = Debug|Win32
		{DC76AF32-A041-41CA-A9BC-D768098D8215}.Debug|x64.ActiveCfg = Debug|x64
		{DC76AF32-A041-41CA-A9BC-D768098D8215}.Debug|x64.Build.0 = Debug|x64
		{DC76AF32-A041-41CA-A9BC-D768098D8215}.Debug|x86.ActiveCfg = Debug|Win32
		{DC76AF32-A041-41CA-A9BC-D768098D8215}.Debug|x86.Build.0 = Debug|Win32
		{DC76AF32-A041-41CA-A9BC-D768098D8215}.Release|Any CPU.ActiveCfg = Release|Win32
		{DC76AF32-A041-41CA-A9BC-D768098D8215}.Release|x64.ActiveCfg = Release|x64
		{DC76AF32-A041-41CA-A9BC-D768098D8215}.Release|x64.Build.0 = Release|x64
		{DC76AF32-A041-41CA-A9BC-D768098D8215}.Release|x86.ActiveCfg = Release|Win32
		{DC76AF32-A041-41CA-A9BC-D768098D8215}.Release|x86.Build.0 = Release|Win32
		{1E9B1C5D-43CA-4443-B0C0-681FF6D790EB}.Debug|Any CPU.ActiveCfg = Debug|Win32
		{1E9B1C5D-43CA-4443-B0C0-681FF6D790EB}.Debug|x64.ActiveCfg = Debug|x64
		{1E9B1C5D-43CA-4443-B0C0-681FF6D790EB}.Debug|x64.Build.0 = Debug|x64
		{1E9B1C5D-43CA-4443-B0C0-681FF6D790EB}.Debug|x86.ActiveCfg = Debug|Win32
		{1E9B1C5D-43CA-4443-B0C0-681FF6D790EB}.Debug|x86.Build.0 = Debug|Win32
		{1E9B1C5D-43CA-4443-B0C0-681FF6D790EB}.Release|Any CPU.ActiveCfg = Release|Win32
		{1E9B1C5D-43CA-4443-B0C0-681FF6D790EB}.Release|x64.ActiveCfg = Release|x64
		{1E9B1C5D-43CA-4443-B0C0-681FF6D790EB}.Release|x64.Build.0 = Release|x64
		{1E9B1C5D-43CA-4443-B0C0-681FF6D790EB}.Release|x86.ActiveCfg = Release|Win32
		{1E9B1C5D-43CA-4443-B0C0-681FF6D790EB}.Release|x86.Build.0 = Release|Win32
		{2E99BF81-AFB7-40DE-BE9D-C24C1D79AED1}.Debug|Any CPU.ActiveCfg = Debug|Win32
		{2E99BF81-AFB7-40DE-BE9D-C24C1D79AED1}.Debug|x64.ActiveCfg = Debug|x64
		{2E99BF81-AFB7-40DE-BE9D-C24C1D79AED1}.Debug|x64.Build.0 = Debug|x64
		{2E99BF81-AFB7-40DE-BE9D-C24C1D79AED1}.Debug|x86.ActiveCfg = Debug|Win32
		{2E99BF81-AFB7-40DE-BE9D-C24C1D79AED1}.Debug|x86.Build.0 = Debug|Win32
		{2E99BF81-AFB7-40DE-BE9D-C24C1D79AED1}.Release|Any CPU.ActiveCfg = Release|Win32
		{2E99BF81-AFB7-40DE-BE9D-C24C1D79AED1}.Release|x64.ActiveCfg = Release|x64
		{2E99BF81-AFB7-40DE-BE9D-C24C1D79AED1}.Release|x64.Build.0 = Release|x64
		{2E99BF81-AFB7-40DE-BE9D-C24C1D79AED1}.Release|x86.ActiveCfg = Release|Win32
		{2E99BF81-AFB7-40DE-BE9D-C24C1D79AED1}.Release|x86.Build.0 = Release|Win32
		{B495FA4E-FBEC-4CF9-9A1A-C009F1BA53D8}.Debug|Any CPU.ActiveCfg = Debug|Win32
		{B495FA4E-FBEC-4CF9-9A1A-C009F1BA53D8}.Debug|x64.ActiveCfg = Debug|x64
		{B495FA4E-FBEC-4CF9-9A1A-C009F1BA53D8}.Debug|x64.Build.0 = Debug|x64
		{B495FA4E-FBEC-4CF9-9A1A-C009F1BA53D8}.Debug|x86.ActiveCfg = Debug|Win32
		{B495FA4E-FBEC-4CF9-9A1A-C009F1BA53D8}.Debug|x86.Build.0 = Debug|Win32
		{B495FA4E-FBEC-4CF9-9A1A-C009F1BA53D8}.Release|Any CPU.ActiveCfg = Release|Win32
		{B495FA4E-FBEC-4CF9-9A1A-C009F1BA53D8}.Release|x64.ActiveCfg = Release|x64
		{B495FA4E-FBEC-4CF9-9A1A-C009F1BA53D8}.Release|x64.Build.0 = Release|x64
		{B495FA4E-FBEC-4CF9-9A1A-C009F1BA53D8}.Release|x86.ActiveCfg = Release|Win32
		{B495FA4E-FBEC-4CF9-9A1A-C009F1BA53D8}.Release|x86.Build.0 = Release|Win32
		{4467E98D-F24C-47AF-9639-E3034FF58C1E}.Debug|Any CPU.ActiveCfg = Debug|Win32
		{4467E98D-F24C-47AF-9639-E3034FF58C1E}.Debug|x64.ActiveCfg = Debug|x64
		{4467E98D-F24C-47AF-9639-E3034FF58C1E}.Debug|x64.Build.0 = Debug|x64
		{4467E98D-F24C-47AF-9639-E3034FF58C1E}.Debug|x86.ActiveCfg = Debug|Win32
		{4467E98D-F24C-47AF-9639-E3034FF58C1E}.Debug|x86.Build.0 = Debug|Win32
		{4467E98D-F24C-47AF-9639-E3034FF58C1E}.Release|Any CPU.ActiveCfg = Release|Win32
		{4467E98D-F24C-47AF-9639-E3034FF58C1E}.Release|x64.ActiveCfg = Release|x64
		{4467E98D-F24C-47AF-9639-E3034FF58C1E}.Release|x64.Build.0 = Release|x64
		{4467E98D-F24C-47AF-9639-E3034FF58C1E}.Release|x86.ActiveCfg = Release|Win32
		{4467E98D-F24C-47AF-9639-E3034FF58C1E}.Release|x86.Build.0 = Release|Win32
		{940BA854-308D-4E32-9E0E-53F598D5E471}.Debug|Any CPU.ActiveCfg = Debug|Win32
		{940BA854-308D-4E32-9E0E-53F598D5E471}.Debug|x64.ActiveCfg = Debug|x64
		{940BA854-308D-4E32-9E0E-53F598D5E471}.Debug|x64.Build.0 = Debug|x64
		{940BA854-308D-4E32-9E0E-53F598D5E471}.Debug|x86.ActiveCfg = Debug|Win32
		{940BA854-308D-4E32-9E0E-53F598D5E471}.Debug|x86.Build.0 = Debug|Win32
		{940BA854-308D-4E32-9E0E-53F598D5E471}.Release|Any CPU.ActiveCfg = Release|Win32
		{940BA854-308D-4E32-9E0E-53F598D5E471}.Release|x64.ActiveCfg = Release|x64
		{940BA854-308D-4E32-9E0E-53F598D5E471}.Release|x64.Build.0 = Release|x64
		{940BA854-308D-4E32-9E0E-53F598D5E471}.Release|x86.ActiveCfg = Release|Win32
		{940BA854-308D-4E32-9E0E-53F598D5E471}.Release|x86.Build.0 = Release|Win32
		{770FECC9-D6EA-4051-8F8B-399C90CB9B98}.Debug|Any CPU.ActiveCfg = Debug|Win32
		{770FECC9-D6EA-4051-8F8B-399C90CB9B98}.Debug|x64.ActiveCfg = Debug|x64
		{770FECC9-D6EA-4051-8F8B-399C90CB9B98}.Debug|x64.Build.0 = Debug|x64
		{770FECC9-D6EA-4051-8F8B-399C90CB9B98}.Debug|x86.ActiveCfg = Debug|Win32
		{770FECC9-D6EA-4051-8F8B-399C90CB9B98}.Debug|x86.Build.0 = Debug|Win32
		{770FECC9-D6EA-4051-8F8B-399C90CB9B98}.Release|Any CPU.ActiveCfg = Release|Win32
		{770FECC9-D6EA-4051-8F8B-399C90CB9B98}.Release|x64.ActiveCfg = Release|x64
		{770FECC9-D6EA-4051-8F8B-399C90CB9B98}.Release|x64.Build.0 = Release|x64
		{770FECC9-D6EA-4051-8F8B-399C90CB9B98}.Release|x86.ActiveCfg = Release|Win32
		{770FECC9-D6EA-4051-8F8B-399C90CB9B98}.Release|x86.Build.0 = Release|Win32
		{C643FEBF-95C5-4CA7-B5A6-8ED9C8C5BA03}.Debug|Any CPU.ActiveCfg = Debug|Win32
		{C643FEBF-95C5-4CA7-B5A6-8ED9C8C5BA03}.Debug|x64.ActiveCfg = Debug|x64
		{C643FEBF-95C5-4CA7-B5A6-8ED9C8C5BA03}.Debug|x64.Build.0 = Debug|x64
		{C643FEBF-95C5-4CA7-B5A6-8ED9C8C5BA03}.Debug|x86.ActiveCfg = Debug|Win32
		{C643FEBF-95C5-4CA7-B5A6-8ED9C8C5BA03}.Debug|x86.Build.0 = Debug|Win32
		{C643FEBF-95C5-4CA7-B5A6-8ED9C8C5BA03}.Release|Any CPU.ActiveCfg = Release|Win32
		{C643FEBF-95C5-4CA7-B5A6-8ED9C8C5BA03}.Release|x64.ActiveCfg = Release|x64
		{C643FEBF-95C5-4CA7-B5A6-8ED9C8C5BA03}.Release|x64.Build.0 = Release|x64
		{C643FEBF-95C5-4CA7-B5A6-8ED9C8C5BA03}.Release|x86.ActiveCfg = Release|Win32
		{C643FEBF-95C5-4CA7-B5A6-8ED9C8C5BA03}.Release|x86.Build.0 = Release|Win32
		{58FC36C7-E34D-402A-B028-6AD0D0D11FC3}.Debug|Any CPU.ActiveCfg = Debug|Win32
		{58FC36C7-E34D-402A-B028-6AD0D0D11FC3}.Debug|x64.ActiveCfg = Debug|x64
		{58FC36C7-E34D-402A-B028-6AD0D0D11FC3}.Debug|x64.Build.0 = Debug|x64
		{58FC36C7-E34D-402A-B028-6AD0D0D11FC3}.Debug|x86.ActiveCfg = Debug|Win32
		{58FC36C7-E34D-402A-B028-6AD0D0D11FC3}.Debug|x86.Build.0 = Debug|Win32
		{58FC36C7-E34D-402A-B028-6AD0D0D11FC3}.Release|Any CPU.ActiveCfg = Release|Win32
		{58FC36C7-E34D-402A-B028-6AD0D0D11FC3}.Release|x64.ActiveCfg = Release|x64
		{58FC36C7-E34D-402A-B028-6AD0D0D11FC3}.Release|x64.Build.0 = Release|x64
		{58FC36C7-E34D-402A-B028-6AD0D0D11FC3}.Release|x86.ActiveCfg = Release|Win32
		{58FC36C7-E34D-402A-B028-6AD0D0D11FC3}.Release|x86.Build.0 = Release|Win32
		{55D7F9A4-14A2-40EE-9EAB-2A2D03D19EBE}.Debug|Any CPU.ActiveCfg = Debug|Win32
		{55D7F9A4-14A2-40EE-9EAB-2A2D03D19EBE}.Debug|x64.ActiveCfg = Debug|x64
		{55D7F9A4-14A2-40EE-9EAB-2A2D03D19EBE}.Debug|x64.Build.0 = Debug|x64
		{55D7F9A4-14A2-40EE-9EAB-2A2D03D19EBE}.Debug|x86.ActiveCfg = Debug|Win32
		{55D7F9A4-14A2-40EE-9EAB-2A2D03D19EBE}.Debug|x86.Build.0 = Debug|Win32
		{55D7F9A4-14A2-40EE-9EAB-2A2D03D19EBE}.Release|Any CPU.ActiveCfg = Release|Win32
		{55D7F9A4-14A2-40EE-9EAB-2A2D03D19EBE}.Release|x64.ActiveCfg = Release|x64
		{55D7F9A4-14A2-40EE-9EAB-2A2D03D19EBE}.Release|x64.Build.0 = Release|x64
		{55D7F9A4-14A2-40EE-9EAB-2A2D03D19EBE}.Release|x86.ActiveCfg = Release|Win32
		{55D7F9A4-14A2-40EE-9EAB-2A2D03D19EBE}.Release|x86.Build.0 = Release|Win32
		{D4B2BD6A-2BD9-47AD-AC60-4962FD670A6E}.Debug|Any CPU.ActiveCfg = Debug|Win32
		{D4B2BD6A-2BD9-47AD-AC60-4962FD670A6E}.Debug|x64.ActiveCfg = Debug|x64
		{D4B2BD6A-2BD9-47AD-AC60-4962FD670A6E}.Debug|x64.Build.0 = Debug|x64
		{D4B2BD6A-2BD9-47AD-AC60-4962FD670A6E}.Debug|x86.ActiveCfg = Debug|Win32
		{D4B2BD6A-2BD9-47AD-AC60-4962FD670A6E}.Debug|x86.Build.0 = Debug|Win32
		{D4B2BD6A-2BD9-47AD-AC60-4962FD670A6E}.Release|Any CPU.ActiveCfg = Release|Win32
		{D4B2BD6A-2BD9-47AD-AC60-4962FD670A6E}.Release|x64.ActiveCfg = Release|x64
		{D4B2BD6A-2BD9-47AD-AC60-4962FD670A6E}.Release|x64.Build.0 = Release|x64
		{D4B2BD6A-2BD9-47AD-AC60-4962FD670A6E}.Release|x86.ActiveCfg = Release|Win32
		{D4B2BD6A-2BD9-47AD-AC60-4962FD670A6E}.Release|x86.Build.0 = Release|Win32
		{2B6DDEAC-B618-4082-BACE-8BC1980417D8}.Debug|Any CPU.ActiveCfg = Debug|Win32
		{2B6DDEAC-B618-4082-BACE-8BC1980417D8}.Debug|x64.ActiveCfg = Debug|x64
		{2B6DDEAC-B618-4082-BACE-8BC1980417D8}.Debug|x64.Build.0 = Debug|x64
		{2B6DDEAC-B618-4082-BACE-8BC1980417D8}.Debug|x86.ActiveCfg = Debug|Win32
		{2B6DDEAC-B618-4082-BACE-8BC1980417D8}.Debug|x86.Build.0 = Debug|Win32
		{2B6DDEAC-B618-4082-BACE-8BC1980417D8}.Release|Any CPU.ActiveCfg = Release|Win32
		{2B6DDEAC-B618-4082-BACE-8BC1980417D8}.Release|x64.ActiveCfg = Release|x64
		{2B6DDEAC-B618-4082-BACE-8BC1980417D8}.Release|x64.Build.0 = Release|x64
		{2B6DDEAC-B618-4082-BACE-8BC1980417D8}.Release|x86.ActiveCfg = Release|Win32
		{2B6DDEAC-B618-4082-BACE-8BC1980417D8}.Release|x86.Build.0 = Release|Win32
		{92CB1F9F-DB0F-4C9F-88EB-339E4B6A135E}.Debug|Any CPU.ActiveCfg = Debug|Win32
		{92CB1F9F-DB0F-4C9F-88EB-339E4B6A135E}.Debug|x64.ActiveCfg = Debug|x64
		{92CB1F9F-DB0F-4C9F-88EB-339E4B6A135E}.Debug|x64.Build.0 = Debug|x64
		{92CB1F9F-DB0F-4C9F-88EB-339E4B6A135E}.Debug|x86.ActiveCfg = Debug|Win32
		{92CB1F9F-DB0F-4C9F-88EB-339E4B6A135E}.Debug|x86.Build.0 = Debug|Win32
		{92CB1F9F-DB0F-4C9F-88EB-339E4B6A135E}.Release|Any CPU.ActiveCfg = Release|Win32
		{92CB1F9F-DB0F-4C9F-88EB-339E4B6A135E}.Release|x64.ActiveCfg = Release|x64
		{92CB1F9F-DB0F-4C9F-88EB-339E4B6A135E}.Release|x64.Build.0 = Release|x64
		{92CB1F9F-DB0F-4C9F-88EB-339E4B6A135E}.Release|x86.ActiveCfg = Release|Win32
		{92CB1F9F-DB0F-4C9F-88EB-339E4B6A135E}.Release|x86.Build.0 = Release|Win32
		{AEC239E0-E973-4139-93A4-399FFF2B35BE}.Debug|Any CPU.ActiveCfg = Debug|Win32
		{AEC239E0-E973-4139-93A4-399FFF2B35BE}.Debug|x64.ActiveCfg = Debug|x64
		{AEC239E0-E973-4139-93A4-399FFF2B35BE}.Debug|x64.Build.0 = Debug|x64
		{AEC239E0-E973-4139-93A4-399FFF2B35BE}.Debug|x86.ActiveCfg = Debug|Win32
		{AEC239E0-E973-4139-93A4-399FFF2B35BE}.Debug|x86.Build.0 = Debug|Win32
		{AEC239E0-E973-4139-93A4-399FFF2B35BE}.Release|Any CPU.ActiveCfg = Release|Win32
		{AEC239E0-E973-4139-93A4-399FFF2B35BE}.Release|x64.ActiveCfg = Release|x64
		{AEC239E0-E973-4139-93A4-399FFF2B35BE}.Release|x64.Build.0 = Release|x64
		{AEC239E0-E973-4139-93A4-399FFF2B35BE}.Release|x86.ActiveCfg = Release|Win32
		{AEC239E0-E973-4139-93A4-399FFF2B35BE}.Release|x86.Build.0 = Release|Win32
		{3CD62C56-FF5B-4E56-B53C-CAE9807682EA}.Debug|Any CPU.ActiveCfg = Debug|Win32
		{3CD62C56-FF5B-4E56-B53C-CAE9807682EA}.Debug|x64.ActiveCfg = Debug|x64
		{3CD62C56-FF5B-4E56-B53C-CAE9807682EA}.Debug|x64.Build.0 = Debug|x64
		{3CD62C56-FF5B-4E56-B53C-CAE9807682EA}.Debug|x86.ActiveCfg = Debug|Win32
		{3CD62C56-FF5B-4E56-B53C-CAE9807682EA}.Debug|x86.Build.0 = Debug|Win32
		{3CD62C56-FF5B-4E56-B53C-CAE9807682EA}.Release|Any CPU.ActiveCfg = Release|Win32
		{3CD62C56-FF5B-4E56-B53C-CAE9807682EA}.Release|x64.ActiveCfg = Release|x64
		{3CD62C56-FF5B-4E56-B53C-CAE9807682EA}.Release|x64.Build.0 = Release|x64
		{3CD62C56-FF5B-4E56-B53C-CAE9807682EA}.Release|x86.ActiveCfg = Release|Win32
		{3CD62C56-FF5B-4E56-B53C-CAE9807682EA}.Release|x86.Build.0 = Release|Win32
		{C01A494E-39A4-49C6-91F8-B9812A0FA390}.Debug|Any CPU.ActiveCfg = Debug|Win32
		{C01A494E-39A4-49C6-91F8-B9812A0FA390}.Debug|x64.ActiveCfg = Debug|x64
		{C01A494E-39A4-49C6-91F8-B9812A0FA390}.Debug|x64.Build.0 = Debug|x64
		{C01A494E-39A4-49C6-91F8-B9812A0FA390}.Debug|x86.ActiveCfg = Debug|Win32
		{C01A494E-39A4-49C6-91F8-B9812A0FA390}.Debug|x86.Build.0 = Debug|Win32
		{C01A494E-39A4-49C6-91F8-B9812A0FA390}.Release|Any CPU.ActiveCfg = Release|Win32
		{C01A494E-39A4-49C6-91F8-B9812A0FA390}.Release|x64.ActiveCfg = Release|x64
		{C01A494E-39A4-49C6-91F8-B9812A0FA390}.Release|x64.Build.0 = Release|x64
		{C01A494E-39A4-49C6-91F8-B9812A0FA390}.Release|x86.ActiveCfg = Release|Win32
		{C01A494E-39A4-49C6-91F8-B9812A0FA390}.Release|x86.Build.0 = Release|Win32
		{257AC5D4-FDC2-4F4D-9378-47D06EF24F7C}.Debug|Any CPU.ActiveCfg = Debug|Win32
		{257AC5D4-FDC2-4F4D-9378-47D06EF24F7C}.Debug|x64.ActiveCfg = Debug|x64
		{257AC5D4-FDC2-4F4D-9378-47D06EF24F7C}.Debug|x64.Build.0 = Debug|x64
		{257AC5D4-FDC2-4F4D-9378-47D06EF24F7C}.Debug|x86.ActiveCfg = Debug|Win32
		{257AC5D4-FDC2-4F4D-9378-47D06EF24F7C}.Debug|x86.Build.0 = Debug|Win32
		{257AC5D4-FDC2-4F4D-9378-47D06EF24F7C}.Release|Any CPU.ActiveCfg = Release|Win32
		{257AC5D4-FDC2-4F4D-9378-47D06EF24F7C}.Release|x64.ActiveCfg = Release|x64
		{257AC5D4-FDC2-4F4D-9378-47D06EF24F7C}.Release|x64.Build.0 = Release|x64
		{257AC5D4-FDC2-4F4D-9378-47D06EF24F7C}.Release|x86.ActiveCfg = Release|Win32
		{257AC5D4-FDC2-4F4D-9378-47D06EF24F7C}.Release|x86.Build.0 = Release|Win32
		{A394D742-089E-4AFA-ABA5-E91A2D565B6D}.Debug|Any CPU.ActiveCfg = Debug|Win32
		{A394D742-089E-4AFA-ABA5-E91A2D565B6D}.Debug|x64.ActiveCfg = Debug|x64
		{A394D742-089E-4AFA-ABA5-E91A2D565B6D}.Debug|x64.Build.0 = Debug|x64
		{A394D742-089E-4AFA-ABA5-E91A2D565B6D}.Debug|x86.ActiveCfg = Debug|Win32
		{A394D742-089E-4AFA-ABA5-E91A2D565B6D}.Debug|x86.Build.0 = Debug|Win32
		{A394D742-089E-4AFA-ABA5-E91A2D565B6D}.Release|Any CPU.ActiveCfg = Release|Win32
		{A394D742-089E-4AFA-ABA5-E91A2D565B6D}.Release|x64.ActiveCfg = Release|x64
		{A394D742-089E-4AFA-ABA5-E91A2D565B6D}.Release|x64.Build.0 = Release|x64
		{A394D742-089E-4AFA-ABA5-E91A2D565B6D}.Release|x86.ActiveCfg = Release|Win32
		{A394D742-089E-4AFA-ABA5-E91A2D565B6D}.Release|x86.Build.0 = Release|Win32
		{7E591532-C86D-4163-93AE-4F925DBFF0FC}.Debug|Any CPU.ActiveCfg = Debug|Win32
		{7E591532-C86D-4163-93AE-4F925DBFF0FC}.Debug|x64.ActiveCfg = Debug|x64
		{7E591532-C86D-4163-93AE-4F925DBFF0FC}.Debug|x64.Build.0 = Debug|x64
		{7E591532-C86D-4163-93AE-4F925DBFF0FC}.Debug|x86.ActiveCfg = Debug|Win32
		{7E591532-C86D-4163-93AE-4F925DBFF0FC}.Debug|x86.Build.0 = Debug|Win32
		{7E591532-C86D-4163-93AE-4F925DBFF0FC}.Release|Any CPU.ActiveCfg = Release|Win32
		{7E591532-C86D-4163-93AE-4F925DBFF0FC}.Release|x64.ActiveCfg = Release|x64
		{7E591532-C86D-4163-93AE-4F925DBFF0FC}.Release|x64.Build.0 = Release|x64
		{7E591532-C86D-4163-93AE-4F925DBFF0FC}.Release|x86.ActiveCfg = Release|Win32
		{7E591532-C86D-4163-93AE-4F925DBFF0FC}.Release|x86.Build.0 = Release|Win32
		{966FE247-8D7C-48A4-B35A-C17B45ED80C4}.Debug|Any CPU.ActiveCfg = Debug|Win32
		{966FE247-8D7C-48A4-B35A-C17B45ED80C4}.Debug|x64.ActiveCfg = Debug|x64
		{966FE247-8D7C-48A4-B35A-C17B45ED80C4}.Debug|x64.Build.0 = Debug|x64
		{966FE247-8D7C-48A4-B35A-C17B45ED80C4}.Debug|x86.ActiveCfg = Debug|Win32
		{966FE247-8D7C-48A4-B35A-C17B45ED80C4}.Debug|x86.Build.0 = Debug|Win32
		{966FE247-8D7C-48A4-B35A-C17B45ED80C4}.Release|Any CPU.ActiveCfg = Release|Win32
		{966FE247-8D7C-48A4-B35A-C17B45ED80C4}.Release|x64.ActiveCfg = Release|x64
		{966FE247-8D7C-48A4-B35A-C17B45ED80C4}.Release|x64.Build.0 = Release|x64
		{966FE247-8D7C-48A4-B35A-C17B45ED80C4}.Release|x86.ActiveCfg = Release|Win32
		{966FE247-8D7C-48A4-B35A-C17B45ED80C4}.Release|x86.Build.0 = Release|Win32
		{DB761999-16A5-45CB-8B0B-C171037EF622}.Debug|Any CPU.ActiveCfg = Debug|Win32
		{DB761999-16A5-45CB-8B0B-C171037EF622}.Debug|x64.ActiveCfg = Debug|x64
		{DB761999-16A5-45CB-8B0B-C171037EF622}.Debug|x64.Build.0 = Debug|x64
		{DB761999-16A5-45CB-8B0B-C171037EF622}.Debug|x86.ActiveCfg = Debug|Win32
		{DB761999-16A5-45CB-8B0B-C171037EF622}.Debug|x86.Build.0 = Debug|Win32
		{DB761999-16A5-45CB-8B0B-C171037EF622}.Release|Any CPU.ActiveCfg = Release|Win32
		{DB761999-16A5-45CB-8B0B-C171037EF622}.Release|x64.ActiveCfg = Release|x64
		{DB761999-16A5-45CB-8B0B-C171037EF622}.Release|x64.Build.0 = Release|x64
		{DB761999-16A5-45CB-8B0B-C171037EF622}.Release|x86.ActiveCfg = Release|Win32
		{DB761999-16A5-45CB-8B0B-C171037EF622}.Release|x86.Build.0 = Release|Win32
		{1FB58129-7421-456F-85E3-0EE92035B3B3}.Debug|Any CPU.ActiveCfg = Debug|Win32
		{1FB58129-7421-456F-85E3-0EE92035B3B3}.Debug|x64.ActiveCfg = Debug|x64
		{1FB58129-7421-456F-85E3-0EE92035B3B3}.Debug|x64.Build.0 = Debug|x64
		{1FB58129-7421-456F-85E3-0EE92035B3B3}.Debug|x86.ActiveCfg = Debug|Win32
		{1FB58129-7421-456F-85E3-0EE92035B3B3}.Debug|x86.Build.0 = Debug|Win32
		{1FB58129-7421-456F-85E3-0EE92035B3B3}.Release|Any CPU.ActiveCfg = Release|Win32
		{1FB58129-7421-456F-85E3-0EE92035B3B3}.Release|x64.ActiveCfg = Release|x64
		{1FB58129-7421-456F-85E3-0EE92035B3B3}.Release|x64.Build.0 = Release|x64
		{1FB58129-7421-456F-85E3-0EE92035B3B3}.Release|x86.ActiveCfg = Release|Win32
		{1FB58129-7421-456F-85E3-0EE92035B3B3}.Release|x86.Build.0 = Release|Win32
		{16C2E996-1E1B-47AC-82B0-9C4BFF184DF0}.Debug|Any CPU.ActiveCfg = Debug|Win32
		{16C2E996-1E1B-47AC-82B0-9C4BFF184DF0}.Debug|x64.ActiveCfg = Debug|x64
		{16C2E996-1E1B-47AC-82B0-9C4BFF184DF0}.Debug|x64.Build.0 = Debug|x64
		{16C2E996-1E1B-47AC-82B0-9C4BFF184DF0}.Debug|x86.ActiveCfg = Debug|Win32
		{16C2E996-1E1B-47AC-82B0-9C4BFF184DF0}.Debug|x86.Build.0 = Debug|Win32
		{16C2E996-1E1B-47AC-82B0-9C4BFF184DF0}.Release|Any CPU.ActiveCfg = Release|Win32
		{16C2E996-1E1B-47AC-82B0-9C4BFF184DF0}.Release|x64.ActiveCfg = Release|x64
		{16C2E996-1E1B-47AC-82B0-9C4BFF184DF0}.Release|x64.Build.0 = Release|x64
		{16C2E996-1E1B-47AC-82B0-9C4BFF184DF0}.Release|x86.ActiveCfg = Release|Win32
		{16C2E996-1E1B-47AC-82B0-9C4BFF184DF0}.Release|x86.Build.0 = Release|Win32
		{704ED7FD-64BC-4EAE-BFFD-292D1F7148AB}.Debug|Any CPU.ActiveCfg = Debug|Win32
		{704ED7FD-64BC-4EAE-BFFD-292D1F7148AB}.Debug|x64.ActiveCfg = Debug|x64
		{704ED7FD-64BC-4EAE-BFFD-292D1F7148AB}.Debug|x64.Build.0 = Debug|x64
		{704ED7FD-64BC-4EAE-BFFD-292D1F7148AB}.Debug|x86.ActiveCfg = Debug|Win32
		{704ED7FD-64BC-4EAE-BFFD-292D1F7148AB}.Debug|x86.Build.0 = Debug|Win32
		{704ED7FD-64BC-4EAE-BFFD-292D1F7148AB}.Release|Any CPU.ActiveCfg = Release|Win32
		{704ED7FD-64BC-4EAE-BFFD-292D1F7148AB}.Release|x64.ActiveCfg = Release|x64
		{704ED7FD-64BC-4EAE-BFFD-292D1F7148AB}.Release|x64.Build.0 = Release|x64
		{704ED7FD-64BC-4EAE-BFFD-292D1F7148AB}.Release|x86.ActiveCfg = Release|Win32
		{704ED7FD-64BC-4EAE-BFFD-292D1F7148AB}.Release|x86.Build.0 = Release|Win32
		{723DACE6-BA53-484E-A24B-451B5C692CC2}.Debug|Any CPU.ActiveCfg = Debug|Win32
		{723DACE6-BA53-484E-A24B-451B5C692CC2}.Debug|x64.ActiveCfg = Debug|x64
		{723DACE6-BA53-484E-A24B-451B5C692CC2}.Debug|x64.Build.0 = Debug|x64
		{723DACE6-BA53-484E-A24B-451B5C692CC2}.Debug|x86.ActiveCfg = Debug|Win32
		{723DACE6-BA53-484E-A24B-451B5C692CC2}.Debug|x86.Build.0 = Debug|Win32
		{723DACE6-BA53-484E-A24B-451B5C692CC2}.Release|Any CPU.ActiveCfg = Release|Win32
		{723DACE6-BA53-484E-A24B-451B5C692CC2}.Release|x64.ActiveCfg = Release|x64
		{723DACE6-BA53-484E-A24B-451B5C692CC2}.Release|x64.Build.0 = Release|x64
		{723DACE6-BA53-484E-A24B-451B5C692CC2}.Release|x86.ActiveCfg = Release|Win32
		{723DACE6-BA53-484E-A24B-451B5C692CC2}.Release|x86.Build.0 = Release|Win32
		{2218D48B-E8E0-45E0-A7CC-767049563B6D}.Debug|Any CPU.ActiveCfg = Debug|Win32
		{2218D48B-E8E0-45E0-A7CC-767049563B6D}.Debug|x64.ActiveCfg = Debug|x64
		{2218D48B-E8E0-45E0-A7CC-767049563B6D}.Debug|x64.Build.0 = Debug|x64
		{2218D48B-E8E0-45E0-A7CC-767049563B6D}.Debug|x86.ActiveCfg = Debug|Win32
		{2218D48B-E8E0-45E0-A7CC-767049563B6D}.Debug|x86.Build.0 = Debug|Win32
		{2218D48B-E8E0-45E0-A7CC-767049563B6D}.Release|Any CPU.ActiveCfg = Release|Win32
		{2218D48B-E8E0-45E0-A7CC-767049563B6D}.Release|x64.ActiveCfg = Release|x64
		{2218D48B-E8E0-45E0-A7CC-767049563B6D}.Release|x64.Build.0 = Release|x64
		{2218D48B-E8E0-45E0-A7CC-767049563B6D}.Release|x86.ActiveCfg = Release|Win32
		{2218D48B-E8E0-45E0-A7CC-767049563B6D}.Release|x86.Build.0 = Release|Win32
		{FE9EE85E-58E3-4124-A061-18203D07CB49}.Debug|Any CPU.ActiveCfg = Debug|Win32
		{FE9EE85E-58E3-4124-A061-18203D07CB49}.Debug|x64.ActiveCfg = Debug|x64
		{FE9EE85E-58E3-4124-A061-18203D07CB49}.Debug|x64.Build.0 = Debug|x64
		{FE9EE85E-58E3-4124-A061-18203D07CB49}.Debug|x86.ActiveCfg = Debug|Win32
		{FE9EE85E-58E3-4124-A061-18203D07CB49}.Debug|x86.Build.0 = Debug|Win32
		{FE9EE85E-58E3-4124-A061-18203D07CB49}.Release|Any CPU.ActiveCfg = Release|Win32
		{FE9EE85E-58E3-4124-A061-18203D07CB49}.Release|x64.ActiveCfg = Release|x64
		{FE9EE85E-58E3-4124-A061-18203D07CB49}.Release|x64.Build.0 = Release|x64
		{FE9EE85E-58E3-4124-A061-18203D07CB49}.Release|x86.ActiveCfg = Release|Win32
		{FE9EE85E-58E3-4124-A061-18203D07CB49}.Release|x86.Build.0 = Release|Win32
		{9456A0AB-267A-4F6C-82C2-54C4288A625B}.Debug|Any CPU.ActiveCfg = Debug|Win32
		{9456A0AB-267A-4F6C-82C2-54C4288A625B}.Debug|x64.ActiveCfg = Debug|x64
		{9456A0AB-267A-4F6C-82C2-54C4288A625B}.Debug|x64.Build.0 = Debug|x64
		{9456A0AB-267A-4F6C-82C2-54C4288A625B}.Debug|x86.ActiveCfg = Debug|Win32
		{9456A0AB-267A-4F6C-82C2-54C4288A625B}.Debug|x86.Build.0 = Debug|Win32
		{9456A0AB-267A-4F6C-82C2-54C4288A625B}.Release|Any CPU.ActiveCfg = Release|Win32
		{9456A0AB-267A-4F6C-82C2-54C4288A625B}.Release|x64.ActiveCfg = Release|x64
		{9456A0AB-267A-4F6C-82C2-54C4288A625B}.Release|x64.Build.0 = Release|x64
		{9456A0AB-267A-4F6C-82C2-54C4288A625B}.Release|x86.ActiveCfg = Release|Win32
		{9456A0AB-267A-4F6C-82C2-54C4288A625B}.Release|x86.Build.0 = Release|Win32
		{0EA1A952-E722-43BF-B785-8A9FA7236683}.Debug|Any CPU.ActiveCfg = Debug|Win32
		{0EA1A952-E722-43BF-B785-8A9FA7236683}.Debug|x64.ActiveCfg = Debug|x64
		{0EA1A952-E722-43BF-B785-8A9FA7236683}.Debug|x64.Build.0 = Debug|x64
		{0EA1A952-E722-43BF-B785-8A9FA7236683}.Debug|x86.ActiveCfg = Debug|Win32
		{0EA1A952-E722-43BF-B785-8A9FA7236683}.Debug|x86.Build.0 = Debug|Win32
		{0EA1A952-E722-43BF-B785-8A9FA7236683}.Release|Any CPU.ActiveCfg = Release|Win32
		{0EA1A952-E722-43BF-B785-8A9FA7236683}.Release|x64.ActiveCfg = Release|x64
		{0EA1A952-E722-43BF-B785-8A9FA7236683}.Release|x64.Build.0 = Release|x64
		{0EA1A952-E722-43BF-B785-8A9FA7236683}.Release|x86.ActiveCfg = Release|Win32
		{0EA1A952-E722-43BF-B785-8A9FA7236683}.Release|x86.Build.0 = Release|Win32
		{BAD4AEDF-70EE-4CA9-AEFF-71670CF249DF}.Debug|Any CPU.ActiveCfg = Debug|Win32
		{BAD4AEDF-70EE-4CA9-AEFF-71670CF249DF}.Debug|x64.ActiveCfg = Debug|x64
		{BAD4AEDF-70EE-4CA9-AEFF-71670CF249DF}.Debug|x64.Build.0 = Debug|x64
		{BAD4AEDF-70EE-4CA9-AEFF-71670CF249DF}.Debug|x86.ActiveCfg = Debug|Win32
		{BAD4AEDF-70EE-4CA9-AEFF-71670CF249DF}.Debug|x86.Build.0 = Debug|Win32
		{BAD4AEDF-70EE-4CA9-AEFF-71670CF249DF}.Release|Any CPU.ActiveCfg = Release|Win32
		{BAD4AEDF-70EE-4CA9-AEFF-71670CF249DF}.Release|x64.ActiveCfg = Release|x64
		{BAD4AEDF-70EE-4CA9-AEFF-71670CF249DF}.Release|x64.Build.0 = Release|x64
		{BAD4AEDF-70EE-4CA9-AEFF-71670CF249DF}.Release|x86.ActiveCfg = Release|Win32
		{BAD4AEDF-70EE-4CA9-AEFF-71670CF249DF}.Release|x86.Build.0 = Release|Win32
		{4E630ECB-8B73-460F-80CB-F51950115361}.Debug|Any CPU.ActiveCfg = Debug|Win32
		{4E630ECB-8B73-460F-80CB-F51950115361}.Debug|x64.ActiveCfg = Debug|x64
		{4E630ECB-8B73-460F-80CB-F51950115361}.Debug|x64.Build.0 = Debug|x64
		{4E630ECB-8B73-460F-80CB-F51950115361}.Debug|x86.ActiveCfg = Debug|Win32
		{4E630ECB-8B73-460F-80CB-F51950115361}.Debug|x86.Build.0 = Debug|Win32
		{4E630ECB-8B73-460F-80CB-F51950115361}.Release|Any CPU.ActiveCfg = Release|Win32
		{4E630ECB-8B73-460F-80CB-F51950115361}.Release|x64.ActiveCfg = Release|x64
		{4E630ECB-8B73-460F-80CB-F51950115361}.Release|x64.Build.0 = Release|x64
		{4E630ECB-8B73-460F-80CB-F51950115361}.Release|x86.ActiveCfg = Release|Win32
		{4E630ECB-8B73-460F-80CB-F51950115361}.Release|x86.Build.0 = Release|Win32
		{EFE5A960-CAC6-4C30-86CA-61E45B2CD6C9}.Debug|Any CPU.ActiveCfg = Debug|Win32
		{EFE5A960-CAC6-4C30-86CA-61E45B2CD6C9}.Debug|x64.ActiveCfg = Debug|x64
		{EFE5A960-CAC6-4C30-86CA-61E45B2CD6C9}.Debug|x64.Build.0 = Debug|x64
		{EFE5A960-CAC6-4C30-86CA-61E45B2CD6C9}.Debug|x86.ActiveCfg = Debug|Win32
		{EFE5A960-CAC6-4C30-86CA-61E45B2CD6C9}.Debug|x86.Build.0 = Debug|Win32
		{EFE5A960-CAC6-4C30-86CA-61E45B2CD6C9}.Release|Any CPU.ActiveCfg = Release|Win32
		{EFE5A960-CAC6-4C30-86CA-61E45B2CD6C9}.Release|x64.ActiveCfg = Release|x64
		{EFE5A960-CAC6-4C30-86CA-61E45B2CD6C9}.Release|x64.Build.0 = Release|x64
		{EFE5A960-CAC6-4C30-86CA-61E45B2CD6C9}.Release|x86.ActiveCfg = Release|Win32
		{EFE5A960-CAC6-4C30-86CA-61E45B2CD6C9}.Release|x86.Build.0 = Release|Win32
		{BE14D346-511E-4A64-9506-27C058890C16}.Debug|Any CPU.ActiveCfg = Debug|Win32
		{BE14D346-511E-4A64-9506-27C058890C16}.Debug|x64.ActiveCfg = Debug|x64
		{BE14D346-511E-4A64-9506-27C058890C16}.Debug|x64.Build.0 = Debug|x64
		{BE14D346-511E-4A64-9506-27C058890C16}.Debug|x86.ActiveCfg = Debug|Win32
		{BE14D346-511E-4A64-9506-27C058890C16}.Debug|x86.Build.0 = Debug|Win32
		{BE14D346-511E-4A64-9506-27C058890C16}.Release|Any CPU.ActiveCfg = Release|Win32
		{BE14D346-511E-4A64-9506-27C058890C16}.Release|x64.ActiveCfg = Release|x64
		{BE14D346-511E-4A64-9506-27C058890C16}.Release|x64.Build.0 = Release|x64
		{BE14D346-511E-4A64-9506-27C058890C16}.Release|x86.ActiveCfg = Release|Win32
		{BE14D346-511E-4A64-9506-27C058890C16}.Release|x86.Build.0 = Release|Win32
		{00CF66F6-DB64-46AA-9F4B-2BCD8F943E82}.Debug|Any CPU.ActiveCfg = Debug|Win32
		{00CF66F6-DB64-46AA-9F4B-2BCD8F943E82}.Debug|x64.ActiveCfg = Debug|x64
		{00CF66F6-DB64-46AA-9F4B-2BCD8F943E82}.Debug|x64.Build.0 = Debug|x64
		{00CF66F6-DB64-46AA-9F4B-2BCD8F943E82}.Debug|x86.ActiveCfg = Debug|Win32
		{00CF66F6-DB64-46AA-9F4B-2BCD8F943E82}.Debug|x86.Build.0 = Debug|Win32
		{00CF66F6-DB64-46AA-9F4B-2BCD8F943E82}.Release|Any CPU.ActiveCfg = Release|Win32
		{00CF66F6-DB64-46AA-9F4B-2BCD8F943E82}.Release|x64.ActiveCfg = Release|x64
		{00CF66F6-DB64-46AA-9F4B-2BCD8F943E82}.Release|x64.Build.0 = Release|x64
		{00CF66F6-DB64-46AA-9F4B-2BCD8F943E82}.Release|x86.ActiveCfg = Release|Win32
		{00CF66F6-DB64-46AA-9F4B-2BCD8F943E82}.Release|x86.Build.0 = Release|Win32
		{C736D9FB-C5D5-477F-A3E3-2654C5CF0E17}.Debug|Any CPU.ActiveCfg = Debug|Win32
		{C736D9FB-C5D5-477F-A3E3-2654C5CF0E17}.Debug|x64.ActiveCfg = Debug|x64
		{C736D9FB-C5D5-477F-A3E3-2654C5CF0E17}.Debug|x64.Build.0 = Debug|x64
		{C736D9FB-C5D5-477F-A3E3-2654C5CF0E17}.Debug|x86.ActiveCfg = Debug|Win32
		{C736D9FB-C5D5-477F-A3E3-2654C5CF0E17}.Debug|x86.Build.0 = Debug|Win32
		{C736D9FB-C5D5-477F-A3E3-2654C5CF0E17}.Release|Any CPU.ActiveCfg = Release|Win32
		{C736D9FB-C5D5-477F-A3E3-2654C5CF0E17}.Release|x64.ActiveCfg = Release|x64
		{C736D9FB-C5D5-477F-A3E3-2654C5CF0E17}.Release|x64.Build.0 = Release|x64
		{C736D9FB-C5D5-477F-A3E3-2654C5CF0E17}.Release|x86.ActiveCfg = Release|Win32
		{C736D9FB-C5D5-477F-A3E3-2654C5CF0E17}.Release|x86.Build.0 = Release|Win32
		{83158AA0-01F4-4F5B-8E2D-F8D97CFAEC4C}.Debug|Any CPU.ActiveCfg = Debug|Win32
		{83158AA0-01F4-4F5B-8E2D-F8D97CFAEC4C}.Debug|x64.ActiveCfg = Debug|x64
		{83158AA0-01F4-4F5B-8E2D-F8D97CFAEC4C}.Debug|x64.Build.0 = Debug|x64
		{83158AA0-01F4-4F5B-8E2D-F8D97CFAEC4C}.Debug|x86.ActiveCfg = Debug|Win32
		{83158AA0-01F4-4F5B-8E2D-F8D97CFAEC4C}.Debug|x86.Build.0 = Debug|Win32
		{83158AA0-01F4-4F5B-8E2D-F8D97CFAEC4C}.Release|Any CPU.ActiveCfg = Release|Win32
		{83158AA0-01F4-4F5B-8E2D-F8D97CFAEC4C}.Release|x64.ActiveCfg = Release|x64
		{83158AA0-01F4-4F5B-8E2D-F8D97CFAEC4C}.Release|x64.Build.0 = Release|x64
		{83158AA0-01F4-4F5B-8E2D-F8D97CFAEC4C}.Release|x86.ActiveCfg = Release|Win32
		{83158AA0-01F4-4F5B-8E2D-F8D97CFAEC4C}.Release|x86.Build.0 = Release|Win32
		{E5E8EF5B-70D4-4C58-8E38-C53D4E193C77}.Debug|Any CPU.ActiveCfg = Debug|Win32
		{E5E8EF5B-70D4-4C58-8E38-C53D4E193C77}.Debug|x64.ActiveCfg = Debug|x64
		{E5E8EF5B-70D4-4C58-8E38-C53D4E193C77}.Debug|x64.Build.0 = Debug|x64
		{E5E8EF5B-70D4-4C58-8E38-C53D4E193C77}.Debug|x86.ActiveCfg = Debug|Win32
		{E5E8EF5B-70D4-4C58-8E38-C53D4E193C77}.Debug|x86.Build.0 = Debug|Win32
		{E5E8EF5B-70D4-4C58-8E38-C53D4E193C77}.Release|Any CPU.ActiveCfg = Release|Win32
		{E5E8EF5B-70D4-4C58-8E38-C53D4E193C77}.Release|x64.ActiveCfg = Release|x64
		{E5E8EF5B-70D4-4C58-8E38-C53D4E193C77}.Release|x64.Build.0 = Release|x64
		{E5E8EF5B-70D4-4C58-8E38-C53D4E193C77}.Release|x86.ActiveCfg = Release|Win32
		{E5E8EF5B-70D4-4C58-8E38-C53D4E193C77}.Release|x86.Build.0 = Release|Win32
		{59E83834-2075-4490-AA72-429EC3328179}.Debug|Any CPU.ActiveCfg = Debug|Win32
		{59E83834-2075-4490-AA72-429EC3328179}.Debug|x64.ActiveCfg = Debug|x64
		{59E83834-2075-4490-AA72-429EC3328179}.Debug|x64.Build.0 = Debug|x64
		{59E83834-2075-4490-AA72-429EC3328179}.Debug|x86.ActiveCfg = Debug|Win32
		{59E83834-2075-4490-AA72-429EC3328179}.Debug|x86.Build.0 = Debug|Win32
		{59E83834-2075-4490-AA72-429EC3328179}.Release|Any CPU.ActiveCfg = Release|Win32
		{59E83834-2075-4490-AA72-429EC3328179}.Release|x64.ActiveCfg = Release|x64
		{59E83834-2075-4490-AA72-429EC3328179}.Release|x64.Build.0 = Release|x64
		{59E83834-2075-4490-AA72-429EC3328179}.Release|x86.ActiveCfg = Release|Win32
		{59E83834-2075-4490-AA72-429EC3328179}.Release|x86.Build.0 = Release|Win32
		{EBC35F33-D9B1-480A-813A-64278EBF3013}.Debug|Any CPU.ActiveCfg = Debug|Win32
		{EBC35F33-D9B1-480A-813A-64278EBF3013}.Debug|x64.ActiveCfg = Debug|x64
		{EBC35F33-D9B1-480A-813A-64278EBF3013}.Debug|x64.Build.0 = Debug|x64
		{EBC35F33-D9B1-480A-813A-64278EBF3013}.Debug|x86.ActiveCfg = Debug|Win32
		{EBC35F33-D9B1-480A-813A-64278EBF3013}.Debug|x86.Build.0 = Debug|Win32
		{EBC35F33-D9B1-480A-813A-64278EBF3013}.Release|Any CPU.ActiveCfg = Release|Win32
		{EBC35F33-D9B1-480A-813A-64278EBF3013}.Release|x64.ActiveCfg = Release|x64
		{EBC35F33-D9B1-480A-813A-64278EBF3013}.Release|x64.Build.0 = Release|x64
		{EBC35F33-D9B1-480A-813A-64278EBF3013}.Release|x86.ActiveCfg = Release|Win32
		{EBC35F33-D9B1-480A-813A-64278EBF3013}.Release|x86.Build.0 = Release|Win32
		{FB4B4B49-99A8-4EA3-8BF2-84F559B1E59A}.Debug|Any CPU.ActiveCfg = Debug|Win32
		{FB4B4B49-99A8-4EA3-8BF2-84F559B1E59A}.Debug|x64.ActiveCfg = Debug|x64
		{FB4B4B49-99A8-4EA3-8BF2-84F559B1E59A}.Debug|x64.Build.0 = Debug|x64
		{FB4B4B49-99A8-4EA3-8BF2-84F559B1E59A}.Debug|x86.ActiveCfg = Debug|Win32
		{FB4B4B49-99A8-4EA3-8BF2-84F559B1E59A}.Debug|x86.Build.0 = Debug|Win32
		{FB4B4B49-99A8-4EA3-8BF2-84F559B1E59A}.Release|Any CPU.ActiveCfg = Release|Win32
		{FB4B4B49-99A8-4EA3-8BF2-84F559B1E59A}.Release|x64.ActiveCfg = Release|x64
		{FB4B4B49-99A8-4EA3-8BF2-84F559B1E59A}.Release|x64.Build.0 = Release|x64
		{FB4B4B49-99A8-4EA3-8BF2-84F559B1E59A}.Release|x86.ActiveCfg = Release|Win32
		{FB4B4B49-99A8-4EA3-8BF2-84F559B1E59A}.Release|x86.Build.0 = Release|Win32
		{1622962E-9926-4E6B-8116-782666C26053}.Debug|Any CPU.ActiveCfg = Debug|Win32
		{1622962E-9926-4E6B-8116-782666C26053}.Debug|x64.ActiveCfg = Debug|x64
		{1622962E-9926-4E6B-8116-782666C26053}.Debug|x64.Build.0 = Debug|x64
		{1622962E-9926-4E6B-8116-782666C26053}.Debug|x86.ActiveCfg = Debug|Win32
		{1622962E-9926-4E6B-8116-782666C26053}.Debug|x86.Build.0 = Debug|Win32
		{1622962E-9926-4E6B-8116-782666C26053}.Release|Any CPU.ActiveCfg = Release|Win32
		{1622962E-9926-4E6B-8116-782666C26053}.Release|x64.ActiveCfg = Release|x64
		{1622962E-9926-4E6B-8116-782666C26053}.Release|x64.Build.0 = Release|x64
		{1622962E-9926-4E6B-8116-782666C26053}.Release|x86.ActiveCfg = Release|Win32
		{1622962E-9926-4E6B-8116-782666C26053}.Release|x86.Build.0 = Release|Win32
		{072FA154-EEE1-4477-BB18-08443767ABE8}.Debug|Any CPU.ActiveCfg = Debug|Win32
		{072FA154-EEE1-4477-BB18-08443767ABE8}.Debug|x64.ActiveCfg = Debug|x64
		{072FA154-EEE1-4477-BB18-08443767ABE8}.Debug|x64.Build.0 = Debug|x64
		{072FA154-EEE1-4477-BB18-08443767ABE8}.Debug|x86.ActiveCfg = Debug|Win32
		{072FA154-EEE1-4477-BB18-08443767ABE8}.Debug|x86.Build.0 = Debug|Win32
		{072FA154-EEE1-4477-BB18-08443767ABE8}.Release|Any CPU.ActiveCfg = Release|Win32
		{072FA154-EEE1-4477-BB18-08443767ABE8}.Release|x64.ActiveCfg = Release|x64
		{072FA154-EEE1-4477-BB18-08443767ABE8}.Release|x64.Build.0 = Release|x64
		{072FA154-EEE1-4477-BB18-08443767ABE8}.Release|x86.ActiveCfg = Release|Win32
		{072FA154-EEE1-4477-BB18-08443767ABE8}.Release|x86.Build.0 = Release|Win32
		{050F6A72-5004-42F6-8E1A-BA825C6C845B}.Debug|Any CPU.ActiveCfg = Debug|Win32
		{050F6A72-5004-42F6-8E1A-BA825C6C845B}.Debug|x64.ActiveCfg = Debug|x64
		{050F6A72-5004-42F6-8E1A-BA825C6C845B}.Debug|x64.Build.0 = Debug|x64
		{050F6A72-5004-42F6-8E1A-BA825C6C845B}.Debug|x86.ActiveCfg = Debug|Win32
		{050F6A72-5004-42F6-8E1A-BA825C6C845B}.Debug|x86.Build.0 = Debug|Win32
		{050F6A72-5004-42F6-8E1A-BA825C6C845B}.Release|Any CPU.ActiveCfg = Release|Win32
		{050F6A72-5004-42F6-8E1A-BA825C6C845B}.Release|x64.ActiveCfg = Release|x64
		{050F6A72-5004-42F6-8E1A-BA825C6C845B}.Release|x64.Build.0 = Release|x64
		{050F6A72-5004-42F6-8E1A-BA825C6C845B}.Release|x86.ActiveCfg = Release|Win32
		{050F6A72-5004-42F6-8E1A-BA825C6C845B}.Release|x86.Build.0 = Release|Win32
		{B920F64B-2428-4BC8-BF59-052717ACADCC}.Debug|Any CPU.ActiveCfg = Debug|Win32
		{B920F64B-2428-4BC8-BF59-052717ACADCC}.Debug|x64.ActiveCfg = Debug|x64
		{B920F64B-2428-4BC8-BF59-052717ACADCC}.Debug|x64.Build.0 = Debug|x64
		{B920F64B-2428-4BC8-BF59-052717ACADCC}.Debug|x86.ActiveCfg = Debug|Win32
		{B920F64B-2428-4BC8-BF59-052717ACADCC}.Debug|x86.Build.0 = Debug|Win32
		{B920F64B-2428-4BC8-BF59-052717ACADCC}.Release|Any CPU.ActiveCfg = Release|Win32
		{B920F64B-2428-4BC8-BF59-052717ACADCC}.Release|x64.ActiveCfg = Release|x64
		{B920F64B-2428-4BC8-BF59-052717ACADCC}.Release|x64.Build.0 = Release|x64
		{B920F64B-2428-4BC8-BF59-052717ACADCC}.Release|x86.ActiveCfg = Release|Win32
		{B920F64B-2428-4BC8-BF59-052717ACADCC}.Release|x86.Build.0 = Release|Win32
		{6734F70E-193F-4E6B-BB09-A6CB4881193D}.Debug|Any CPU.ActiveCfg = Debug|Win32
		{6734F70E-193F-4E6B-BB09-A6CB4881193D}.Debug|x64.ActiveCfg = Debug|x64
		{6734F70E-193F-4E6B-BB09-A6CB4881193D}.Debug|x64.Build.0 = Debug|x64
		{6734F70E-193F-4E6B-BB09-A6CB4881193D}.Debug|x86.ActiveCfg = Debug|Win32
		{6734F70E-193F-4E6B-BB09-A6CB4881193D}.Debug|x86.Build.0 = Debug|Win32
		{6734F70E-193F-4E6B-BB09-A6CB4881193D}.Release|Any CPU.ActiveCfg = Release|Win32
		{6734F70E-193F-4E6B-BB09-A6CB4881193D}.Release|x64.ActiveCfg = Release|x64
		{6734F70E-193F-4E6B-BB09-A6CB4881193D}.Release|x64.Build.0 = Release|x64
		{6734F70E-193F-4E6B-BB09-A6CB4881193D}.Release|x86.ActiveCfg = Release|Win32
		{6734F70E-193F-4E6B-BB09-A6CB4881193D}.Release|x86.Build.0 = Release|Win32
		{7AF20C33-D3E9-4DB1-8BCE-F4FA7CBF714E}.Debug|Any CPU.ActiveCfg = Debug|Win32
		{7AF20C33-D3E9-4DB1-8BCE-F4FA7CBF714E}.Debug|x64.ActiveCfg = Debug|x64
		{7AF20C33-D3E9-4DB1-8BCE-F4FA7CBF714E}.Debug|x64.Build.0 = Debug|x64
		{7AF20C33-D3E9-4DB1-8BCE-F4FA7CBF714E}.Debug|x86.ActiveCfg = Debug|Win32
		{7AF20C33-D3E9-4DB1-8BCE-F4FA7CBF714E}.Debug|x86.Build.0 = Debug|Win32
		{7AF20C33-D3E9-4DB1-8BCE-F4FA7CBF714E}.Release|Any CPU.ActiveCfg = Release|Win32
		{7AF20C33-D3E9-4DB1-8BCE-F4FA7CBF714E}.Release|x64.ActiveCfg = Release|x64
		{7AF20C33-D3E9-4DB1-8BCE-F4FA7CBF714E}.Release|x64.Build.0 = Release|x64
		{7AF20C33-D3E9-4DB1-8BCE-F4FA7CBF714E}.Release|x86.ActiveCfg = Release|Win32
		{7AF20C33-D3E9-4DB1-8BCE-F4FA7CBF714E}.Release|x86.Build.0 = Release|Win32
		{D9BFEF3C-2AE9-4DF6-BD9F-18AD49C20510}.Debug|Any CPU.ActiveCfg = Debug|Win32
		{D9BFEF3C-2AE9-4DF6-BD9F-18AD49C20510}.Debug|x64.ActiveCfg = Debug|x64
		{D9BFEF3C-2AE9-4DF6-BD9F-18AD49C20510}.Debug|x64.Build.0 = Debug|x64
		{D9BFEF3C-2AE9-4DF6-BD9F-18AD49C20510}.Debug|x86.ActiveCfg = Debug|Win32
		{D9BFEF3C-2AE9-4DF6-BD9F-18AD49C20510}.Debug|x86.Build.0 = Debug|Win32
		{D9BFEF3C-2AE9-4DF6-BD9F-18AD49C20510}.Release|Any CPU.ActiveCfg = Release|Win32
		{D9BFEF3C-2AE9-4DF6-BD9F-18AD49C20510}.Release|x64.ActiveCfg = Release|x64
		{D9BFEF3C-2AE9-4DF6-BD9F-18AD49C20510}.Release|x64.Build.0 = Release|x64
		{D9BFEF3C-2AE9-4DF6-BD9F-18AD49C20510}.Release|x86.ActiveCfg = Release|Win32
		{D9BFEF3C-2AE9-4DF6-BD9F-18AD49C20510}.Release|x86.Build.0 = Release|Win32
		{BEE4DF2A-97A0-4DD0-BFC6-F215D24D3AE3}.Debug|Any CPU.ActiveCfg = Debug|Win32
		{BEE4DF2A-97A0-4DD0-BFC6-F215D24D3AE3}.Debug|x64.ActiveCfg = Debug|x64
		{BEE4DF2A-97A0-4DD0-BFC6-F215D24D3AE3}.Debug|x64.Build.0 = Debug|x64
		{BEE4DF2A-97A0-4DD0-BFC6-F215D24D3AE3}.Debug|x86.ActiveCfg = Debug|Win32
		{BEE4DF2A-97A0-4DD0-BFC6-F215D24D3AE3}.Debug|x86.Build.0 = Debug|Win32
		{BEE4DF2A-97A0-4DD0-BFC6-F215D24D3AE3}.Release|Any CPU.ActiveCfg = Release|Win32
		{BEE4DF2A-97A0-4DD0-BFC6-F215D24D3AE3}.Release|x64.ActiveCfg = Release|x64
		{BEE4DF2A-97A0-4DD0-BFC6-F215D24D3AE3}.Release|x64.Build.0 = Release|x64
		{BEE4DF2A-97A0-4DD0-BFC6-F215D24D3AE3}.Release|x86.ActiveCfg = Release|Win32
		{BEE4DF2A-97A0-4DD0-BFC6-F215D24D3AE3}.Release|x86.Build.0 = Release|Win32
		{C4BBFF39-9208-4A17-88E8-F5E7C939E9A6}.Debug|Any CPU.ActiveCfg = Debug|Win32
		{C4BBFF39-9208-4A17-88E8-F5E7C939E9A6}.Debug|x64.ActiveCfg = Debug|x64
		{C4BBFF39-9208-4A17-88E8-F5E7C939E9A6}.Debug|x64.Build.0 = Debug|x64
		{C4BBFF39-9208-4A17-88E8-F5E7C939E9A6}.Debug|x86.ActiveCfg = Debug|Win32
		{C4BBFF39-9208-4A17-88E8-F5E7C939E9A6}.Debug|x86.Build.0 = Debug|Win32
		{C4BBFF39-9208-4A17-88E8-F5E7C939E9A6}.Release|Any CPU.ActiveCfg = Release|Win32
		{C4BBFF39-9208-4A17-88E8-F5E7C939E9A6}.Release|x64.ActiveCfg = Release|x64
		{C4BBFF39-9208-4A17-88E8-F5E7C939E9A6}.Release|x64.Build.0 = Release|x64
		{C4BBFF39-9208-4A17-88E8-F5E7C939E9A6}.Release|x86.ActiveCfg = Release|Win32
		{C4BBFF39-9208-4A17-88E8-F5E7C939E9A6}.Release|x86.Build.0 = Release|Win32
		{E32AF29D-9584-4BCD-B6EA-5669AB6B54D2}.Debug|Any CPU.ActiveCfg = Debug|Win32
		{E32AF29D-9584-4BCD-B6EA-5669AB6B54D2}.Debug|x64.ActiveCfg = Debug|x64
		{E32AF29D-9584-4BCD-B6EA-5669AB6B54D2}.Debug|x64.Build.0 = Debug|x64
		{E32AF29D-9584-4BCD-B6EA-5669AB6B54D2}.Debug|x86.ActiveCfg = Debug|Win32
		{E32AF29D-9584-4BCD-B6EA-5669AB6B54D2}.Debug|x86.Build.0 = Debug|Win32
		{E32AF29D-9584-4BCD-B6EA-5669AB6B54D2}.Release|Any CPU.ActiveCfg = Release|Win32
		{E32AF29D-9584-4BCD-B6EA-5669AB6B54D2}.Release|x64.ActiveCfg = Release|x64
		{E32AF29D-9584-4BCD-B6EA-5669AB6B54D2}.Release|x64.Build.0 = Release|x64
		{E32AF29D-9584-4BCD-B6EA-5669AB6B54D2}.Release|x86.ActiveCfg = Release|Win32
		{E32AF29D-9584-4BCD-B6EA-5669AB6B54D2}.Release|x86.Build.0 = Release|Win32
		{B8FC69A9-9C66-4C8C-8DE0-9A351912E9AB}.Debug|Any CPU.ActiveCfg = Debug|Win32
		{B8FC69A9-9C66-4C8C-8DE0-9A351912E9AB}.Debug|x64.ActiveCfg = Debug|x64
		{B8FC69A9-9C66-4C8C-8DE0-9A351912E9AB}.Debug|x64.Build.0 = Debug|x64
		{B8FC69A9-9C66-4C8C-8DE0-9A351912E9AB}.Debug|x86.ActiveCfg = Debug|Win32
		{B8FC69A9-9C66-4C8C-8DE0-9A351912E9AB}.Debug|x86.Build.0 = Debug|Win32
		{B8FC69A9-9C66-4C8C-8DE0-9A351912E9AB}.Release|Any CPU.ActiveCfg = Release|Win32
		{B8FC69A9-9C66-4C8C-8DE0-9A351912E9AB}.Release|x64.ActiveCfg = Release|x64
		{B8FC69A9-9C66-4C8C-8DE0-9A351912E9AB}.Release|x64.Build.0 = Release|x64
		{B8FC69A9-9C66-4C8C-8DE0-9A351912E9AB}.Release|x86.ActiveCfg = Release|Win32
		{B8FC69A9-9C66-4C8C-8DE0-9A351912E9AB}.Release|x86.Build.0 = Release|Win32
		{7ECE0AB7-A33A-447D-9AC4-FCCB5801BD0D}.Debug|Any CPU.ActiveCfg = Debug|Win32
		{7ECE0AB7-A33A-447D-9AC4-FCCB5801BD0D}.Debug|x64.ActiveCfg = Debug|x64
		{7ECE0AB7-A33A-447D-9AC4-FCCB5801BD0D}.Debug|x64.Build.0 = Debug|x64
		{7ECE0AB7-A33A-447D-9AC4-FCCB5801BD0D}.Debug|x86.ActiveCfg = Debug|Win32
		{7ECE0AB7-A33A-447D-9AC4-FCCB5801BD0D}.Debug|x86.Build.0 = Debug|Win32
		{7ECE0AB7-A33A-447D-9AC4-FCCB5801BD0D}.Release|Any CPU.ActiveCfg = Release|Win32
		{7ECE0AB7-A33A-447D-9AC4-FCCB5801BD0D}.Release|x64.ActiveCfg = Release|x64
		{7ECE0AB7-A33A-447D-9AC4-FCCB5801BD0D}.Release|x64.Build.0 = Release|x64
		{7ECE0AB7-A33A-447D-9AC4-FCCB5801BD0D}.Release|x86.ActiveCfg = Release|Win32
		{7ECE0AB7-A33A-447D-9AC4-FCCB5801BD0D}.Release|x86.Build.0 = Release|Win32
		{4F8F1673-C98B-48ED-9DEB-C1BB16683AB0}.Debug|Any CPU.ActiveCfg = Debug|Win32
		{4F8F1673-C98B-48ED-9DEB-C1BB16683AB0}.Debug|x64.ActiveCfg = Debug|x64
		{4F8F1673-C98B-48ED-9DEB-C1BB16683AB0}.Debug|x64.Build.0 = Debug|x64
		{4F8F1673-C98B-48ED-9DEB-C1BB16683AB0}.Debug|x86.ActiveCfg = Debug|Win32
		{4F8F1673-C98B-48ED-9DEB-C1BB16683AB0}.Debug|x86.Build.0 = Debug|Win32
		{4F8F1673-C98B-48ED-9DEB-C1BB16683AB0}.Release|Any CPU.ActiveCfg = Release|Win32
		{4F8F1673-C98B-48ED-9DEB-C1BB16683AB0}.Release|x64.ActiveCfg = Release|x64
		{4F8F1673-C98B-48ED-9DEB-C1BB16683AB0}.Release|x64.Build.0 = Release|x64
		{4F8F1673-C98B-48ED-9DEB-C1BB16683AB0}.Release|x86.ActiveCfg = Release|Win32
		{4F8F1673-C98B-48ED-9DEB-C1BB16683AB0}.Release|x86.Build.0 = Release|Win32
		{9810A644-A5F8-4AD4-BCEB-B756C94626BC}.Debug|Any CPU.ActiveCfg = Debug|Win32
		{9810A644-A5F8-4AD4-BCEB-B756C94626BC}.Debug|x64.ActiveCfg = Debug|x64
		{9810A644-A5F8-4AD4-BCEB-B756C94626BC}.Debug|x64.Build.0 = Debug|x64
		{9810A644-A5F8-4AD4-BCEB-B756C94626BC}.Debug|x86.ActiveCfg = Debug|Win32
		{9810A644-A5F8-4AD4-BCEB-B756C94626BC}.Debug|x86.Build.0 = Debug|Win32
		{9810A644-A5F8-4AD4-BCEB-B756C94626BC}.Release|Any CPU.ActiveCfg = Release|Win32
		{9810A644-A5F8-4AD4-BCEB-B756C94626BC}.Release|x64.ActiveCfg = Release|x64
		{9810A644-A5F8-4AD4-BCEB-B756C94626BC}.Release|x64.Build.0 = Release|x64
		{9810A644-A5F8-4AD4-BCEB-B756C94626BC}.Release|x86.ActiveCfg = Release|Win32
		{9810A644-A5F8-4AD4-BCEB-B756C94626BC}.Release|x86.Build.0 = Release|Win32
		{A82DDB97-1707-49EF-9828-6C83143DCDCB}.Debug|Any CPU.ActiveCfg = Debug|Win32
		{A82DDB97-1707-49EF-9828-6C83143DCDCB}.Debug|x64.ActiveCfg = Debug|x64
		{A82DDB97-1707-49EF-9828-6C83143DCDCB}.Debug|x64.Build.0 = Debug|x64
		{A82DDB97-1707-49EF-9828-6C83143DCDCB}.Debug|x86.ActiveCfg = Debug|Win32
		{A82DDB97-1707-49EF-9828-6C83143DCDCB}.Debug|x86.Build.0 = Debug|Win32
		{A82DDB97-1707-49EF-9828-6C83143DCDCB}.Release|Any CPU.ActiveCfg = Release|Win32
		{A82DDB97-1707-49EF-9828-6C83143DCDCB}.Release|x64.ActiveCfg = Release|x64
		{A82DDB97-1707-49EF-9828-6C83143DCDCB}.Release|x64.Build.0 = Release|x64
		{A82DDB97-1707-49EF-9828-6C83143DCDCB}.Release|x86.ActiveCfg = Release|Win32
		{A82DDB97-1707-49EF-9828-6C83143DCDCB}.Release|x86.Build.0 = Release|Win32
		{10FBBE33-ACA7-4D0B-BD95-9CA126B00FAE}.Debug|Any CPU.ActiveCfg = Debug|Win32
		{10FBBE33-ACA7-4D0B-BD95-9CA126B00FAE}.Debug|x64.ActiveCfg = Debug|x64
		{10FBBE33-ACA7-4D0B-BD95-9CA126B00FAE}.Debug|x64.Build.0 = Debug|x64
		{10FBBE33-ACA7-4D0B-BD95-9CA126B00FAE}.Debug|x86.ActiveCfg = Debug|Win32
		{10FBBE33-ACA7-4D0B-BD95-9CA126B00FAE}.Debug|x86.Build.0 = Debug|Win32
		{10FBBE33-ACA7-4D0B-BD95-9CA126B00FAE}.Release|Any CPU.ActiveCfg = Release|Win32
		{10FBBE33-ACA7-4D0B-BD95-9CA126B00FAE}.Release|x64.ActiveCfg = Release|x64
		{10FBBE33-ACA7-4D0B-BD95-9CA126B00FAE}.Release|x64.Build.0 = Release|x64
		{10FBBE33-ACA7-4D0B-BD95-9CA126B00FAE}.Release|x86.ActiveCfg = Release|Win32
		{10FBBE33-ACA7-4D0B-BD95-9CA126B00FAE}.Release|x86.Build.0 = Release|Win32
		{96393071-6A06-47E2-8281-AA9DB6B10BC5}.Debug|Any CPU.ActiveCfg = Debug|Win32
		{96393071-6A06-47E2-8281-AA9DB6B10BC5}.Debug|x64.ActiveCfg = Debug|x64
		{96393071-6A06-47E2-8281-AA9DB6B10BC5}.Debug|x64.Build.0 = Debug|x64
		{96393071-6A06-47E2-8281-AA9DB6B10BC5}.Debug|x86.ActiveCfg = Debug|Win32
		{96393071-6A06-47E2-8281-AA9DB6B10BC5}.Debug|x86.Build.0 = Debug|Win32
		{96393071-6A06-47E2-8281-AA9DB6B10BC5}.Release|Any CPU.ActiveCfg = Release|Win32
		{96393071-6A06-47E2-8281-AA9DB6B10BC5}.Release|x64.ActiveCfg = Release|x64
		{96393071-6A06-47E2-8281-AA9DB6B10BC5}.Release|x64.Build.0 = Release|x64
		{96393071-6A06-47E2-8281-AA9DB6B10BC5}.Release|x86.ActiveCfg = Release|Win32
		{96393071-6A06-47E2-8281-AA9DB6B10BC5}.Release|x86.Build.0 = Release|Win32
		{6D98C48B-78FF-449D-B4C2-3D0DE1258D5D}.Debug|Any CPU.ActiveCfg = Debug|Win32
		{6D98C48B-78FF-449D-B4C2-3D0DE1258D5D}.Debug|x64.ActiveCfg = Debug|x64
		{6D98C48B-78FF-449D-B4C2-3D0DE1258D5D}.Debug|x64.Build.0 = Debug|x64
		{6D98C48B-78FF-449D-B4C2-3D0DE1258D5D}.Debug|x86.ActiveCfg = Debug|Win32
		{6D98C48B-78FF-449D-B4C2-3D0DE1258D5D}.Debug|x86.Build.0 = Debug|Win32
		{6D98C48B-78FF-449D-B4C2-3D0DE1258D5D}.Release|Any CPU.ActiveCfg = Release|Win32
		{6D98C48B-78FF-449D-B4C2-3D0DE1258D5D}.Release|x64.ActiveCfg = Release|x64
		{6D98C48B-78FF-449D-B4C2-3D0DE1258D5D}.Release|x64.Build.0 = Release|x64
		{6D98C48B-78FF-449D-B4C2-3D0DE1258D5D}.Release|x86.ActiveCfg = Release|Win32
		{6D98C48B-78FF-449D-B4C2-3D0DE1258D5D}.Release|x86.Build.0 = Release|Win32
		{0E93EF1B-9EE8-4E5C-BE7E-CE8A1AE7EA68}.Debug|Any CPU.ActiveCfg = Debug|Win32
		{0E93EF1B-9EE8-4E5C-BE7E-CE8A1AE7EA68}.Debug|x64.ActiveCfg = Debug|x64
		{0E93EF1B-9EE8-4E5C-BE7E-CE8A1AE7EA68}.Debug|x64.Build.0 = Debug|x64
		{0E93EF1B-9EE8-4E5C-BE7E-CE8A1AE7EA68}.Debug|x86.ActiveCfg = Debug|Win32
		{0E93EF1B-9EE8-4E5C-BE7E-CE8A1AE7EA68}.Debug|x86.Build.0 = Debug|Win32
		{0E93EF1B-9EE8-4E5C-BE7E-CE8A1AE7EA68}.Release|Any CPU.ActiveCfg = Release|Win32
		{0E93EF1B-9EE8-4E5C-BE7E-CE8A1AE7EA68}.Release|x64.ActiveCfg = Release|x64
		{0E93EF1B-9EE8-4E5C-BE7E-CE8A1AE7EA68}.Release|x64.Build.0 = Release|x64
		{0E93EF1B-9EE8-4E5C-BE7E-CE8A1AE7EA68}.Release|x86.ActiveCfg = Release|Win32
		{0E93EF1B-9EE8-4E5C-BE7E-CE8A1AE7EA68}.Release|x86.Build.0 = Release|Win32
		{56BEBB41-747D-4556-83FB-D609C28E1DE5}.Debug|Any CPU.ActiveCfg = Debug|Win32
		{56BEBB41-747D-4556-83FB-D609C28E1DE5}.Debug|x64.ActiveCfg = Debug|x64
		{56BEBB41-747D-4556-83FB-D609C28E1DE5}.Debug|x64.Build.0 = Debug|x64
		{56BEBB41-747D-4556-83FB-D609C28E1DE5}.Debug|x86.ActiveCfg = Debug|Win32
		{56BEBB41-747D-4556-83FB-D609C28E1DE5}.Debug|x86.Build.0 = Debug|Win32
		{56BEBB41-747D-4556-83FB-D609C28E1DE5}.Release|Any CPU.ActiveCfg = Release|Win32
		{56BEBB41-747D-4556-83FB-D609C28E1DE5}.Release|x64.ActiveCfg = Release|x64
		{56BEBB41-747D-4556-83FB-D609C28E1DE5}.Release|x64.Build.0 = Release|x64
		{56BEBB41-747D-4556-83FB-D609C28E1DE5}.Release|x86.ActiveCfg = Release|Win32
		{56BEBB41-747D-4556-83FB-D609C28E1DE5}.Release|x86.Build.0 = Release|Win32
		{23085B6E-4F6E-40EE-BA2E-547ADB5D91B9}.Debug|Any CPU.ActiveCfg = Debug|Win32
		{23085B6E-4F6E-40EE-BA2E-547ADB5D91B9}.Debug|x64.ActiveCfg = Debug|x64
		{23085B6E-4F6E-40EE-BA2E-547ADB5D91B9}.Debug|x64.Build.0 = Debug|x64
		{23085B6E-4F6E-40EE-BA2E-547ADB5D91B9}.Debug|x86.ActiveCfg = Debug|Win32
		{23085B6E-4F6E-40EE-BA2E-547ADB5D91B9}.Debug|x86.Build.0 = Debug|Win32
		{23085B6E-4F6E-40EE-BA2E-547ADB5D91B9}.Release|Any CPU.ActiveCfg = Release|Win32
		{23085B6E-4F6E-40EE-BA2E-547ADB5D91B9}.Release|x64.ActiveCfg = Release|x64
		{23085B6E-4F6E-40EE-BA2E-547ADB5D91B9}.Release|x64.Build.0 = Release|x64
		{23085B6E-4F6E-40EE-BA2E-547ADB5D91B9}.Release|x86.ActiveCfg = Release|Win32
		{23085B6E-4F6E-40EE-BA2E-547ADB5D91B9}.Release|x86.Build.0 = Release|Win32
		{80F289B0-C09A-4653-AFFD-53B84C1AD9C1}.Debug|Any CPU.ActiveCfg = Debug|Win32
		{80F289B0-C09A-4653-AFFD-53B84C1AD9C1}.Debug|x64.ActiveCfg = Debug|x64
		{80F289B0-C09A-4653-AFFD-53B84C1AD9C1}.Debug|x64.Build.0 = Debug|x64
		{80F289B0-C09A-4653-AFFD-53B84C1AD9C1}.Debug|x86.ActiveCfg = Debug|Win32
		{80F289B0-C09A-4653-AFFD-53B84C1AD9C1}.Debug|x86.Build.0 = Debug|Win32
		{80F289B0-C09A-4653-AFFD-53B84C1AD9C1}.Release|Any CPU.ActiveCfg = Release|Win32
		{80F289B0-C09A-4653-AFFD-53B84C1AD9C1}.Release|x64.ActiveCfg = Release|x64
		{80F289B0-C09A-4653-AFFD-53B84C1AD9C1}.Release|x64.Build.0 = Release|x64
		{80F289B0-C09A-4653-AFFD-53B84C1AD9C1}.Release|x86.ActiveCfg = Release|Win32
		{80F289B0-C09A-4653-AFFD-53B84C1AD9C1}.Release|x86.Build.0 = Release|Win32
		{826E8234-EF07-4FA2-B902-526F8A276823}.Debug|Any CPU.ActiveCfg = Debug|Win32
		{826E8234-EF07-4FA2-B902-526F8A276823}.Debug|x64.ActiveCfg = Debug|x64
		{826E8234-EF07-4FA2-B902-526F8A276823}.Debug|x64.Build.0 = Debug|x64
		{826E8234-EF07-4FA2-B902-526F8A276823}.Debug|x86.ActiveCfg = Debug|Win32
		{826E8234-EF07-4FA2-B902-526F8A276823}.Debug|x86.Build.0 = Debug|Win32
		{826E8234-EF07-4FA2-B902-526F8A276823}.Release|Any CPU.ActiveCfg = Release|Win32
		{826E8234-EF07-4FA2-B902-526F8A276823}.Release|x64.ActiveCfg = Release|x64
		{826E8234-EF07-4FA2-B902-526F8A276823}.Release|x64.Build.0 = Release|x64
		{826E8234-EF07-4FA2-B902-526F8A276823}.Release|x86.ActiveCfg = Release|Win32
		{826E8234-EF07-4FA2-B902-526F8A276823}.Release|x86.Build.0 = Release|Win32
	EndGlobalSection
	GlobalSection(SolutionProperties) = preSolution
		HideSolutionNode = FALSE
	EndGlobalSection
EndGlobal
